// !$*UTF8*$!
{
	archiveVersion = 1;
	classes = {
	};
	objectVersion = 46;
	objects = {

/* Begin PBXBuildFile section */
		2B8DADDF168D42E2A82E2EE2 /* libPods.a in Frameworks */ = {isa = PBXBuildFile; fileRef = FDD1AECA49F148F88B970C97 /* libPods.a */; };
		541543C3EBFE4BA2A2CEFEC2 /* libPods-Nerd NiteTests.a in Frameworks */ = {isa = PBXBuildFile; fileRef = E36BBCDDD539487EB37526A9 /* libPods-Nerd NiteTests.a */; };
		589F0014A595BA7E1582E16D /* NNNextEventViewControllerSpec.m in Sources */ = {isa = PBXBuildFile; fileRef = 589F0BE090A22B8A0CCB9C48 /* NNNextEventViewControllerSpec.m */; };
		589F01B957C1EECDD6A66DFC /* NNDateLabelFormatter.m in Sources */ = {isa = PBXBuildFile; fileRef = 589F0FB3B2CF3679E8FD6045 /* NNDateLabelFormatter.m */; };
		589F0284180CB851209963CB /* NNMapAnnotation.m in Sources */ = {isa = PBXBuildFile; fileRef = 589F0F8D7E73686897B87214 /* NNMapAnnotation.m */; };
		589F02FF2F473CFDEC582039 /* NNCollectionViewCell.m in Sources */ = {isa = PBXBuildFile; fileRef = 589F051669B22CDC148FCAAE /* NNCollectionViewCell.m */; };
		589F045B71A885371A0E79A2 /* NNService.m in Sources */ = {isa = PBXBuildFile; fileRef = 589F06A007C01A2D5E37D104 /* NNService.m */; };
		589F0535B658A4C628BB2828 /* NNPhoto.m in Sources */ = {isa = PBXBuildFile; fileRef = 589F0FE0FEC95A34AD287941 /* NNPhoto.m */; };
		589F05AF591785BCBC521341 /* NNCity.m in Sources */ = {isa = PBXBuildFile; fileRef = 589F073E7A5D502E73493C7C /* NNCity.m */; };
		589F05B9C3C969152EDAC71E /* NNBoss.m in Sources */ = {isa = PBXBuildFile; fileRef = 589F0AD8EACCB98FEEC06094 /* NNBoss.m */; };
		589F06C194A5744E04D2F55E /* NNPresentation.m in Sources */ = {isa = PBXBuildFile; fileRef = 589F0F177941788F0D8914BF /* NNPresentation.m */; };
		589F06EC86CF3236933923CA /* change-Location.png in Resources */ = {isa = PBXBuildFile; fileRef = 589F08A9186BB065589D3708 /* change-Location.png */; };
		589F06FE2C8F3C891006B1DA /* NNPhoto.m in Sources */ = {isa = PBXBuildFile; fileRef = 589F0FE0FEC95A34AD287941 /* NNPhoto.m */; };
		589F0738ABC0702B97A2121B /* NNBoss.m in Sources */ = {isa = PBXBuildFile; fileRef = 589F0AD8EACCB98FEEC06094 /* NNBoss.m */; };
		589F0748608C41227AF01531 /* NNMapAnnotation.m in Sources */ = {isa = PBXBuildFile; fileRef = 589F0F8D7E73686897B87214 /* NNMapAnnotation.m */; };
		589F096054F8D4CBC25423CF /* NNPastEventsViewControllerSpec.m in Sources */ = {isa = PBXBuildFile; fileRef = 589F089F603B9BDB8F2E20B3 /* NNPastEventsViewControllerSpec.m */; };
		589F09AEFA9A4E57471E58F4 /* NNCityTableViewCell.m in Sources */ = {isa = PBXBuildFile; fileRef = 589F06D6F0324A5ADDBB2958 /* NNCityTableViewCell.m */; };
		589F09EC0946DB73DF99CC13 /* NNPresentation.m in Sources */ = {isa = PBXBuildFile; fileRef = 589F0F177941788F0D8914BF /* NNPresentation.m */; };
		589F0A5A9755F3B7980A401D /* NNEvent.m in Sources */ = {isa = PBXBuildFile; fileRef = 589F02619ABCBC716AC4D3EE /* NNEvent.m */; };
		589F0ABA4862F4DDD28E46E3 /* NNCityViewControllerSpec.m in Sources */ = {isa = PBXBuildFile; fileRef = 589F0C8CCFECB9029AE77A9C /* NNCityViewControllerSpec.m */; };
		589F0B977DD3CC3010E0E666 /* NNEventPictureCell.m in Sources */ = {isa = PBXBuildFile; fileRef = 589F0B5511796E0C1266FCFA /* NNEventPictureCell.m */; };
		589F0B9BB0623D087CDFB754 /* NNEvent.m in Sources */ = {isa = PBXBuildFile; fileRef = 589F02619ABCBC716AC4D3EE /* NNEvent.m */; };
		589F0BDD4BE4B808FF211A24 /* NSDictionary+NNUtilities.m in Sources */ = {isa = PBXBuildFile; fileRef = 589F0CB3390B5B55A1A42E77 /* NSDictionary+NNUtilities.m */; };
		589F0BF7E0C7D7A5206B71ED /* NSDictionary+NNUtilities.m in Sources */ = {isa = PBXBuildFile; fileRef = 589F0CB3390B5B55A1A42E77 /* NSDictionary+NNUtilities.m */; };
		589F0D0321FF3BD79DD40774 /* NNEventPictureCell.m in Sources */ = {isa = PBXBuildFile; fileRef = 589F0B5511796E0C1266FCFA /* NNEventPictureCell.m */; };
		589F0D454D5FEECF8B55935C /* change-Location@2x.png in Resources */ = {isa = PBXBuildFile; fileRef = 589F077C3D2B861C343E822D /* change-Location@2x.png */; };
		589F0DCF5CFA60E45E93FFF0 /* NNCollectionViewCell.m in Sources */ = {isa = PBXBuildFile; fileRef = 589F051669B22CDC148FCAAE /* NNCollectionViewCell.m */; };
		589F0DFCB7252CA8FCCA8F5B /* NNCityViewController.m in Sources */ = {isa = PBXBuildFile; fileRef = 589F0BCC722B9DE9B1CB06E6 /* NNCityViewController.m */; };
		589F0E6C956FFA125F339BD6 /* NNCitiesListViewControllerSpec.m in Sources */ = {isa = PBXBuildFile; fileRef = 589F0976585135A720ACD676 /* NNCitiesListViewControllerSpec.m */; };
		589F0EC3847BE09E3F5A9F57 /* NNService.m in Sources */ = {isa = PBXBuildFile; fileRef = 589F06A007C01A2D5E37D104 /* NNService.m */; };
		589F0F0D2E6BBEA39F5CF73C /* NNCityViewController.m in Sources */ = {isa = PBXBuildFile; fileRef = 589F0BCC722B9DE9B1CB06E6 /* NNCityViewController.m */; };
		589F0F47DC2B5B7AAD765768 /* NNCity.m in Sources */ = {isa = PBXBuildFile; fileRef = 589F073E7A5D502E73493C7C /* NNCity.m */; };
		8310D2D116FFFEFC00713013 /* Icon.png in Resources */ = {isa = PBXBuildFile; fileRef = 8310D2D016FFFEFC00713013 /* Icon.png */; };
		8310D2D316FFFF0500713013 /* Icon@2x.png in Resources */ = {isa = PBXBuildFile; fileRef = 8310D2D216FFFF0500713013 /* Icon@2x.png */; };
		8310D2D416FFFF1700713013 /* Default.png in Resources */ = {isa = PBXBuildFile; fileRef = 964E18DB16D7DCD500AB85B1 /* Default.png */; };
		8310D2D516FFFFEB00713013 /* Default@2x.png in Resources */ = {isa = PBXBuildFile; fileRef = 964E18DE16D7DCF300AB85B1 /* Default@2x.png */; };
		8310D2D616FFFFF100713013 /* Default-568h@2x.png in Resources */ = {isa = PBXBuildFile; fileRef = 964E18E016D7DD0200AB85B1 /* Default-568h@2x.png */; };
		8321EC2F17049A2E00FD74AC /* NNViewController.m in Sources */ = {isa = PBXBuildFile; fileRef = 8321EC2E17049A2E00FD74AC /* NNViewController.m */; };
		961BC8291764D04A00DF6345 /* NNEventPictureCell.xib in Resources */ = {isa = PBXBuildFile; fileRef = 961BC8281764D04A00DF6345 /* NNEventPictureCell.xib */; };
		9622797D17ADFCA200B34367 /* NNNextEventViewController.m in Sources */ = {isa = PBXBuildFile; fileRef = 9622797B17ADFCA200B34367 /* NNNextEventViewController.m */; };
		9622797E17ADFCA200B34367 /* NNNextEventViewController.m in Sources */ = {isa = PBXBuildFile; fileRef = 9622797B17ADFCA200B34367 /* NNNextEventViewController.m */; };
		9622797F17ADFCA200B34367 /* NNNextEventViewController.xib in Resources */ = {isa = PBXBuildFile; fileRef = 9622797C17ADFCA200B34367 /* NNNextEventViewController.xib */; };
		9622798017ADFCA200B34367 /* NNNextEventViewController.xib in Resources */ = {isa = PBXBuildFile; fileRef = 9622797C17ADFCA200B34367 /* NNNextEventViewController.xib */; };
		9622798F17AEA61A00B34367 /* NNPresentationTableViewCell.m in Sources */ = {isa = PBXBuildFile; fileRef = 9622798E17AEA61A00B34367 /* NNPresentationTableViewCell.m */; };
		9622799017AEA61A00B34367 /* NNPresentationTableViewCell.m in Sources */ = {isa = PBXBuildFile; fileRef = 9622798E17AEA61A00B34367 /* NNPresentationTableViewCell.m */; };
		9622799217AEA62E00B34367 /* NNPresentationTableViewCell.xib in Resources */ = {isa = PBXBuildFile; fileRef = 9622799117AEA62E00B34367 /* NNPresentationTableViewCell.xib */; };
		9622799417AEBA3300B34367 /* MapKit.framework in Frameworks */ = {isa = PBXBuildFile; fileRef = 9622799317AEBA3200B34367 /* MapKit.framework */; };
		9622799617B05D4A00B34367 /* CoreLocation.framework in Frameworks */ = {isa = PBXBuildFile; fileRef = 9622799517B05D4A00B34367 /* CoreLocation.framework */; };
		9659465B16FCE26400EB5898 /* arrow.png in Resources */ = {isa = PBXBuildFile; fileRef = 9659463B16FCE26400EB5898 /* arrow.png */; };
		9659465C16FCE26400EB5898 /* arrow.png in Resources */ = {isa = PBXBuildFile; fileRef = 9659463B16FCE26400EB5898 /* arrow.png */; };
		9659465D16FCE26400EB5898 /* arrow@2x.png in Resources */ = {isa = PBXBuildFile; fileRef = 9659463C16FCE26400EB5898 /* arrow@2x.png */; };
		9659465E16FCE26400EB5898 /* arrow@2x.png in Resources */ = {isa = PBXBuildFile; fileRef = 9659463C16FCE26400EB5898 /* arrow@2x.png */; };
		9659465F16FCE26400EB5898 /* back-arrow.png in Resources */ = {isa = PBXBuildFile; fileRef = 9659463D16FCE26400EB5898 /* back-arrow.png */; };
		9659466016FCE26400EB5898 /* back-arrow.png in Resources */ = {isa = PBXBuildFile; fileRef = 9659463D16FCE26400EB5898 /* back-arrow.png */; };
		9659466116FCE26400EB5898 /* back-arrow@2x.png in Resources */ = {isa = PBXBuildFile; fileRef = 9659463E16FCE26400EB5898 /* back-arrow@2x.png */; };
		9659466216FCE26400EB5898 /* back-arrow@2x.png in Resources */ = {isa = PBXBuildFile; fileRef = 9659463E16FCE26400EB5898 /* back-arrow@2x.png */; };
		9659466316FCE26400EB5898 /* city-name.png in Resources */ = {isa = PBXBuildFile; fileRef = 9659463F16FCE26400EB5898 /* city-name.png */; };
		9659466416FCE26400EB5898 /* city-name.png in Resources */ = {isa = PBXBuildFile; fileRef = 9659463F16FCE26400EB5898 /* city-name.png */; };
		9659466516FCE26400EB5898 /* city-name@2x.png in Resources */ = {isa = PBXBuildFile; fileRef = 9659464016FCE26400EB5898 /* city-name@2x.png */; };
		9659466616FCE26400EB5898 /* city-name@2x.png in Resources */ = {isa = PBXBuildFile; fileRef = 9659464016FCE26400EB5898 /* city-name@2x.png */; };
		9659466716FCE26400EB5898 /* custom-pin.png in Resources */ = {isa = PBXBuildFile; fileRef = 9659464116FCE26400EB5898 /* custom-pin.png */; };
		9659466816FCE26400EB5898 /* custom-pin.png in Resources */ = {isa = PBXBuildFile; fileRef = 9659464116FCE26400EB5898 /* custom-pin.png */; };
		9659466916FCE26400EB5898 /* custom-pin@2x.png in Resources */ = {isa = PBXBuildFile; fileRef = 9659464216FCE26400EB5898 /* custom-pin@2x.png */; };
		9659466A16FCE26400EB5898 /* custom-pin@2x.png in Resources */ = {isa = PBXBuildFile; fileRef = 9659464216FCE26400EB5898 /* custom-pin@2x.png */; };
		9659466B16FCE26400EB5898 /* facebook-photo-overlay.png in Resources */ = {isa = PBXBuildFile; fileRef = 9659464316FCE26400EB5898 /* facebook-photo-overlay.png */; };
		9659466C16FCE26400EB5898 /* facebook-photo-overlay.png in Resources */ = {isa = PBXBuildFile; fileRef = 9659464316FCE26400EB5898 /* facebook-photo-overlay.png */; };
		9659466D16FCE26400EB5898 /* facebook-photo-overlay@2x.png in Resources */ = {isa = PBXBuildFile; fileRef = 9659464416FCE26400EB5898 /* facebook-photo-overlay@2x.png */; };
		9659466E16FCE26400EB5898 /* facebook-photo-overlay@2x.png in Resources */ = {isa = PBXBuildFile; fileRef = 9659464416FCE26400EB5898 /* facebook-photo-overlay@2x.png */; };
		9659466F16FCE26400EB5898 /* facebook.png in Resources */ = {isa = PBXBuildFile; fileRef = 9659464516FCE26400EB5898 /* facebook.png */; };
		9659467016FCE26400EB5898 /* facebook.png in Resources */ = {isa = PBXBuildFile; fileRef = 9659464516FCE26400EB5898 /* facebook.png */; };
		9659467116FCE26400EB5898 /* fb-rsvp.png in Resources */ = {isa = PBXBuildFile; fileRef = 9659464616FCE26400EB5898 /* fb-rsvp.png */; };
		9659467216FCE26400EB5898 /* fb-rsvp.png in Resources */ = {isa = PBXBuildFile; fileRef = 9659464616FCE26400EB5898 /* fb-rsvp.png */; };
		9659467316FCE26400EB5898 /* fb-rsvp@2x.png in Resources */ = {isa = PBXBuildFile; fileRef = 9659464716FCE26400EB5898 /* fb-rsvp@2x.png */; };
		9659467416FCE26400EB5898 /* fb-rsvp@2x.png in Resources */ = {isa = PBXBuildFile; fileRef = 9659464716FCE26400EB5898 /* fb-rsvp@2x.png */; };
		9659467516FCE26400EB5898 /* glasses.png in Resources */ = {isa = PBXBuildFile; fileRef = 9659464816FCE26400EB5898 /* glasses.png */; };
		9659467616FCE26400EB5898 /* glasses.png in Resources */ = {isa = PBXBuildFile; fileRef = 9659464816FCE26400EB5898 /* glasses.png */; };
		9659467716FCE26400EB5898 /* glasses@2x.png in Resources */ = {isa = PBXBuildFile; fileRef = 9659464916FCE26400EB5898 /* glasses@2x.png */; };
		9659467816FCE26400EB5898 /* glasses@2x.png in Resources */ = {isa = PBXBuildFile; fileRef = 9659464916FCE26400EB5898 /* glasses@2x.png */; };
		9659467916FCE26400EB5898 /* google-photo-overlay.png in Resources */ = {isa = PBXBuildFile; fileRef = 9659464A16FCE26400EB5898 /* google-photo-overlay.png */; };
		9659467A16FCE26400EB5898 /* google-photo-overlay.png in Resources */ = {isa = PBXBuildFile; fileRef = 9659464A16FCE26400EB5898 /* google-photo-overlay.png */; };
		9659467B16FCE26400EB5898 /* google-photo-overlay@2x.png in Resources */ = {isa = PBXBuildFile; fileRef = 9659464B16FCE26400EB5898 /* google-photo-overlay@2x.png */; };
		9659467C16FCE26400EB5898 /* google-photo-overlay@2x.png in Resources */ = {isa = PBXBuildFile; fileRef = 9659464B16FCE26400EB5898 /* google-photo-overlay@2x.png */; };
		9659467D16FCE26400EB5898 /* logo.png in Resources */ = {isa = PBXBuildFile; fileRef = 9659464C16FCE26400EB5898 /* logo.png */; };
		9659467E16FCE26400EB5898 /* logo.png in Resources */ = {isa = PBXBuildFile; fileRef = 9659464C16FCE26400EB5898 /* logo.png */; };
		9659467F16FCE26400EB5898 /* logo@2x.png in Resources */ = {isa = PBXBuildFile; fileRef = 9659464D16FCE26400EB5898 /* logo@2x.png */; };
		9659468016FCE26400EB5898 /* logo@2x.png in Resources */ = {isa = PBXBuildFile; fileRef = 9659464D16FCE26400EB5898 /* logo@2x.png */; };
		9659468116FCE26400EB5898 /* previous.png in Resources */ = {isa = PBXBuildFile; fileRef = 9659464E16FCE26400EB5898 /* previous.png */; };
		9659468216FCE26400EB5898 /* previous.png in Resources */ = {isa = PBXBuildFile; fileRef = 9659464E16FCE26400EB5898 /* previous.png */; };
		9659468316FCE26400EB5898 /* previous@2x.png in Resources */ = {isa = PBXBuildFile; fileRef = 9659464F16FCE26400EB5898 /* previous@2x.png */; };
		9659468416FCE26400EB5898 /* previous@2x.png in Resources */ = {isa = PBXBuildFile; fileRef = 9659464F16FCE26400EB5898 /* previous@2x.png */; };
		9659468516FCE26400EB5898 /* twitter-photo-overlay.png in Resources */ = {isa = PBXBuildFile; fileRef = 9659465016FCE26400EB5898 /* twitter-photo-overlay.png */; };
		9659468616FCE26400EB5898 /* twitter-photo-overlay.png in Resources */ = {isa = PBXBuildFile; fileRef = 9659465016FCE26400EB5898 /* twitter-photo-overlay.png */; };
		9659468716FCE26400EB5898 /* twitter-photo-overlay@2x.png in Resources */ = {isa = PBXBuildFile; fileRef = 9659465116FCE26400EB5898 /* twitter-photo-overlay@2x.png */; };
		9659468816FCE26400EB5898 /* twitter-photo-overlay@2x.png in Resources */ = {isa = PBXBuildFile; fileRef = 9659465116FCE26400EB5898 /* twitter-photo-overlay@2x.png */; };
		9659468916FCE26400EB5898 /* twitter.png in Resources */ = {isa = PBXBuildFile; fileRef = 9659465216FCE26400EB5898 /* twitter.png */; };
		9659468A16FCE26400EB5898 /* twitter.png in Resources */ = {isa = PBXBuildFile; fileRef = 9659465216FCE26400EB5898 /* twitter.png */; };
		9659468B16FCE26400EB5898 /* upcoming.png in Resources */ = {isa = PBXBuildFile; fileRef = 9659465316FCE26400EB5898 /* upcoming.png */; };
		9659468C16FCE26400EB5898 /* upcoming.png in Resources */ = {isa = PBXBuildFile; fileRef = 9659465316FCE26400EB5898 /* upcoming.png */; };
		9659468D16FCE26400EB5898 /* upcoming@2x.png in Resources */ = {isa = PBXBuildFile; fileRef = 9659465416FCE26400EB5898 /* upcoming@2x.png */; };
		9659468E16FCE26400EB5898 /* upcoming@2x.png in Resources */ = {isa = PBXBuildFile; fileRef = 9659465416FCE26400EB5898 /* upcoming@2x.png */; };
		9659468F16FCE26400EB5898 /* vote-selected.png in Resources */ = {isa = PBXBuildFile; fileRef = 9659465516FCE26400EB5898 /* vote-selected.png */; };
		9659469016FCE26400EB5898 /* vote-selected.png in Resources */ = {isa = PBXBuildFile; fileRef = 9659465516FCE26400EB5898 /* vote-selected.png */; };
		9659469116FCE26400EB5898 /* vote-selected@2x.png in Resources */ = {isa = PBXBuildFile; fileRef = 9659465616FCE26400EB5898 /* vote-selected@2x.png */; };
		9659469216FCE26400EB5898 /* vote-selected@2x.png in Resources */ = {isa = PBXBuildFile; fileRef = 9659465616FCE26400EB5898 /* vote-selected@2x.png */; };
		9659469316FCE26400EB5898 /* vote.png in Resources */ = {isa = PBXBuildFile; fileRef = 9659465716FCE26400EB5898 /* vote.png */; };
		9659469416FCE26400EB5898 /* vote.png in Resources */ = {isa = PBXBuildFile; fileRef = 9659465716FCE26400EB5898 /* vote.png */; };
		9659469516FCE26400EB5898 /* vote@2x.png in Resources */ = {isa = PBXBuildFile; fileRef = 9659465816FCE26400EB5898 /* vote@2x.png */; };
		9659469616FCE26400EB5898 /* vote@2x.png in Resources */ = {isa = PBXBuildFile; fileRef = 9659465816FCE26400EB5898 /* vote@2x.png */; };
		9659469716FCE26400EB5898 /* x.png in Resources */ = {isa = PBXBuildFile; fileRef = 9659465916FCE26400EB5898 /* x.png */; };
		9659469816FCE26400EB5898 /* x.png in Resources */ = {isa = PBXBuildFile; fileRef = 9659465916FCE26400EB5898 /* x.png */; };
		9659469916FCE26400EB5898 /* x@2x.png in Resources */ = {isa = PBXBuildFile; fileRef = 9659465A16FCE26400EB5898 /* x@2x.png */; };
		9659469A16FCE26400EB5898 /* x@2x.png in Resources */ = {isa = PBXBuildFile; fileRef = 9659465A16FCE26400EB5898 /* x@2x.png */; };
		9659469F16FCE4CB00EB5898 /* prev-view-pics-bttn.png in Resources */ = {isa = PBXBuildFile; fileRef = 9659469B16FCE4CB00EB5898 /* prev-view-pics-bttn.png */; };
		965946A016FCE4CB00EB5898 /* prev-view-pics-bttn.png in Resources */ = {isa = PBXBuildFile; fileRef = 9659469B16FCE4CB00EB5898 /* prev-view-pics-bttn.png */; };
		965946A116FCE4CB00EB5898 /* prev-view-pics-bttn@2x.png in Resources */ = {isa = PBXBuildFile; fileRef = 9659469C16FCE4CB00EB5898 /* prev-view-pics-bttn@2x.png */; };
		965946A216FCE4CB00EB5898 /* prev-view-pics-bttn@2x.png in Resources */ = {isa = PBXBuildFile; fileRef = 9659469C16FCE4CB00EB5898 /* prev-view-pics-bttn@2x.png */; };
		965946A316FCE4CB00EB5898 /* prev-vote-up-bttn.png in Resources */ = {isa = PBXBuildFile; fileRef = 9659469D16FCE4CB00EB5898 /* prev-vote-up-bttn.png */; };
		965946A416FCE4CB00EB5898 /* prev-vote-up-bttn.png in Resources */ = {isa = PBXBuildFile; fileRef = 9659469D16FCE4CB00EB5898 /* prev-vote-up-bttn.png */; };
		965946A516FCE4CB00EB5898 /* prev-vote-up-bttn@2x.png in Resources */ = {isa = PBXBuildFile; fileRef = 9659469E16FCE4CB00EB5898 /* prev-vote-up-bttn@2x.png */; };
		965946A616FCE4CB00EB5898 /* prev-vote-up-bttn@2x.png in Resources */ = {isa = PBXBuildFile; fileRef = 9659469E16FCE4CB00EB5898 /* prev-vote-up-bttn@2x.png */; };
		965946B116FD035400EB5898 /* NNPastEventsViewController.m in Sources */ = {isa = PBXBuildFile; fileRef = 965946AF16FD035400EB5898 /* NNPastEventsViewController.m */; };
		965946B216FD035400EB5898 /* NNPastEventsViewController.m in Sources */ = {isa = PBXBuildFile; fileRef = 965946AF16FD035400EB5898 /* NNPastEventsViewController.m */; };
		965946B316FD035400EB5898 /* NNPastEventsViewController.xib in Resources */ = {isa = PBXBuildFile; fileRef = 965946B016FD035400EB5898 /* NNPastEventsViewController.xib */; };
		965946B416FD035400EB5898 /* NNPastEventsViewController.xib in Resources */ = {isa = PBXBuildFile; fileRef = 965946B016FD035400EB5898 /* NNPastEventsViewController.xib */; };
		966E6CBF1747026B003C7E69 /* NNBossCollectionViewCell.xib in Resources */ = {isa = PBXBuildFile; fileRef = 966E6CBE1747026B003C7E69 /* NNBossCollectionViewCell.xib */; };
		966E6CC617470319003C7E69 /* NNBossCollectionViewCell.m in Sources */ = {isa = PBXBuildFile; fileRef = 966E6CC517470319003C7E69 /* NNBossCollectionViewCell.m */; };
		966E6CC717470319003C7E69 /* NNBossCollectionViewCell.m in Sources */ = {isa = PBXBuildFile; fileRef = 966E6CC517470319003C7E69 /* NNBossCollectionViewCell.m */; };
		968A52B418E5FBF50037CBDB /* MapKit.framework in Frameworks */ = {isa = PBXBuildFile; fileRef = 9622799317AEBA3200B34367 /* MapKit.framework */; };
		968A52B518E5FBFE0037CBDB /* CoreLocation.framework in Frameworks */ = {isa = PBXBuildFile; fileRef = 9622799517B05D4A00B34367 /* CoreLocation.framework */; };
		969E765F16D97DFB0030AB24 /* facebook@2x.png in Resources */ = {isa = PBXBuildFile; fileRef = 969E765D16D97DFB0030AB24 /* facebook@2x.png */; };
		969E766016D97DFB0030AB24 /* twitter@2x.png in Resources */ = {isa = PBXBuildFile; fileRef = 969E765E16D97DFB0030AB24 /* twitter@2x.png */; };
		969E766616D987D00030AB24 /* previousEvents@2x.png in Resources */ = {isa = PBXBuildFile; fileRef = 969E766416D987D00030AB24 /* previousEvents@2x.png */; };
		969E766716D987D00030AB24 /* upcomingEvents@2x.png in Resources */ = {isa = PBXBuildFile; fileRef = 969E766516D987D00030AB24 /* upcomingEvents@2x.png */; };
		969E766916D989D50030AB24 /* learnMore@2x.png in Resources */ = {isa = PBXBuildFile; fileRef = 969E766816D989D50030AB24 /* learnMore@2x.png */; };
		969E766B16D98FA60030AB24 /* QuartzCore.framework in Frameworks */ = {isa = PBXBuildFile; fileRef = 969E766A16D98FA60030AB24 /* QuartzCore.framework */; };
		969E768116D9A5540030AB24 /* littleGlasses@2x.png in Resources */ = {isa = PBXBuildFile; fileRef = 969E768016D9A5540030AB24 /* littleGlasses@2x.png */; };
		96B4AAB716D829A00071B430 /* NNCityTableViewCell.xib in Resources */ = {isa = PBXBuildFile; fileRef = 96B4AAB616D829A00071B430 /* NNCityTableViewCell.xib */; };
		96B7855E16D839E000C943F1 /* NNCityViewController.xib in Resources */ = {isa = PBXBuildFile; fileRef = 96B7855D16D839E000C943F1 /* NNCityViewController.xib */; };
		96B7856816D83C0000C943F1 /* NNNavigationBar.m in Sources */ = {isa = PBXBuildFile; fileRef = 96B7856716D83C0000C943F1 /* NNNavigationBar.m */; };
		96B7856916D83C0000C943F1 /* NNNavigationBar.m in Sources */ = {isa = PBXBuildFile; fileRef = 96B7856716D83C0000C943F1 /* NNNavigationBar.m */; };
		96B7856D16D8402900C943F1 /* title_bar.png in Resources */ = {isa = PBXBuildFile; fileRef = 96B7856B16D8402900C943F1 /* title_bar.png */; };
		96B7856E16D8402900C943F1 /* title_bar.png in Resources */ = {isa = PBXBuildFile; fileRef = 96B7856B16D8402900C943F1 /* title_bar.png */; };
		96B7856F16D8402900C943F1 /* title_bar@2x.png in Resources */ = {isa = PBXBuildFile; fileRef = 96B7856C16D8402900C943F1 /* title_bar@2x.png */; };
		96B7857016D8402900C943F1 /* title_bar@2x.png in Resources */ = {isa = PBXBuildFile; fileRef = 96B7856C16D8402900C943F1 /* title_bar@2x.png */; };
		96C1B12316CEB40100D95991 /* UIKit.framework in Frameworks */ = {isa = PBXBuildFile; fileRef = 96C1B12216CEB40100D95991 /* UIKit.framework */; };
		96C1B12516CEB40100D95991 /* Foundation.framework in Frameworks */ = {isa = PBXBuildFile; fileRef = 96C1B12416CEB40100D95991 /* Foundation.framework */; };
		96C1B12716CEB40100D95991 /* CoreGraphics.framework in Frameworks */ = {isa = PBXBuildFile; fileRef = 96C1B12616CEB40100D95991 /* CoreGraphics.framework */; };
		96C1B12D16CEB40100D95991 /* InfoPlist.strings in Resources */ = {isa = PBXBuildFile; fileRef = 96C1B12B16CEB40100D95991 /* InfoPlist.strings */; };
		96C1B12F16CEB40100D95991 /* main.m in Sources */ = {isa = PBXBuildFile; fileRef = 96C1B12E16CEB40100D95991 /* main.m */; };
		96C1B13316CEB40100D95991 /* NNAppDelegate.m in Sources */ = {isa = PBXBuildFile; fileRef = 96C1B13216CEB40100D95991 /* NNAppDelegate.m */; };
		96C1B14716CEB40100D95991 /* SenTestingKit.framework in Frameworks */ = {isa = PBXBuildFile; fileRef = 96C1B14616CEB40100D95991 /* SenTestingKit.framework */; };
		96C1B14816CEB40100D95991 /* UIKit.framework in Frameworks */ = {isa = PBXBuildFile; fileRef = 96C1B12216CEB40100D95991 /* UIKit.framework */; };
		96C1B14916CEB40100D95991 /* Foundation.framework in Frameworks */ = {isa = PBXBuildFile; fileRef = 96C1B12416CEB40100D95991 /* Foundation.framework */; };
		96C1B15116CEB40100D95991 /* InfoPlist.strings in Resources */ = {isa = PBXBuildFile; fileRef = 96C1B14F16CEB40100D95991 /* InfoPlist.strings */; };
		96C1B2B816FD0D9100EDA714 /* NNPastEventView.m in Sources */ = {isa = PBXBuildFile; fileRef = 96C1B2B716FD0D9100EDA714 /* NNPastEventView.m */; };
		96C1B2B916FD0D9100EDA714 /* NNPastEventView.m in Sources */ = {isa = PBXBuildFile; fileRef = 96C1B2B716FD0D9100EDA714 /* NNPastEventView.m */; };
		96C1B2BB16FD0DA600EDA714 /* NNPastEventView.xib in Resources */ = {isa = PBXBuildFile; fileRef = 96C1B2BA16FD0DA600EDA714 /* NNPastEventView.xib */; };
		96C7B6DE17470EFD00C8B9C7 /* NNCityPreviewImageCollectionViewCell.xib in Resources */ = {isa = PBXBuildFile; fileRef = 96C7B6DD17470EFD00C8B9C7 /* NNCityPreviewImageCollectionViewCell.xib */; };
		96C7B6E117470F3D00C8B9C7 /* NNCityPreviewImageCollectionViewCell.m in Sources */ = {isa = PBXBuildFile; fileRef = 96C7B6E017470F3D00C8B9C7 /* NNCityPreviewImageCollectionViewCell.m */; };
		96C7B6E217470F3D00C8B9C7 /* NNCityPreviewImageCollectionViewCell.m in Sources */ = {isa = PBXBuildFile; fileRef = 96C7B6E017470F3D00C8B9C7 /* NNCityPreviewImageCollectionViewCell.m */; };
		96C7B6E4174717B000C8B9C7 /* NNPresenterImageCollectionViewCell.xib in Resources */ = {isa = PBXBuildFile; fileRef = 96C7B6E3174717B000C8B9C7 /* NNPresenterImageCollectionViewCell.xib */; };
		96C7B6E5174717B000C8B9C7 /* NNPresenterImageCollectionViewCell.xib in Resources */ = {isa = PBXBuildFile; fileRef = 96C7B6E3174717B000C8B9C7 /* NNPresenterImageCollectionViewCell.xib */; };
		96C7B6E8174717D000C8B9C7 /* NNPresenterImageCollectionViewCell.m in Sources */ = {isa = PBXBuildFile; fileRef = 96C7B6E7174717D000C8B9C7 /* NNPresenterImageCollectionViewCell.m */; };
		96C7B6E9174717D000C8B9C7 /* NNPresenterImageCollectionViewCell.m in Sources */ = {isa = PBXBuildFile; fileRef = 96C7B6E7174717D000C8B9C7 /* NNPresenterImageCollectionViewCell.m */; };
		96DADCA21711188900333091 /* NNEventPicturesViewController.m in Sources */ = {isa = PBXBuildFile; fileRef = 96DADCA01711188900333091 /* NNEventPicturesViewController.m */; };
		96DADCA31711188900333091 /* NNEventPicturesViewController.m in Sources */ = {isa = PBXBuildFile; fileRef = 96DADCA01711188900333091 /* NNEventPicturesViewController.m */; };
		96DADCA41711188900333091 /* NNEventPicturesViewController.xib in Resources */ = {isa = PBXBuildFile; fileRef = 96DADCA11711188900333091 /* NNEventPicturesViewController.xib */; };
		96DADCA51711188900333091 /* NNEventPicturesViewController.xib in Resources */ = {isa = PBXBuildFile; fileRef = 96DADCA11711188900333091 /* NNEventPicturesViewController.xib */; };
		96F6F14416CEB9610029BA26 /* NNPresenterViewControllerSpec.m in Sources */ = {isa = PBXBuildFile; fileRef = 96F6F14316CEB9610029BA26 /* NNPresenterViewControllerSpec.m */; };
		96F6F14F16CECB2C0029BA26 /* NNCitiesListViewController.m in Sources */ = {isa = PBXBuildFile; fileRef = 96F6F14D16CECB2C0029BA26 /* NNCitiesListViewController.m */; };
		96F6F15016CECB2C0029BA26 /* NNCitiesListViewController.m in Sources */ = {isa = PBXBuildFile; fileRef = 96F6F14D16CECB2C0029BA26 /* NNCitiesListViewController.m */; };
		96F6F15116CECB2C0029BA26 /* NNCitiesListViewController.xib in Resources */ = {isa = PBXBuildFile; fileRef = 96F6F14E16CECB2C0029BA26 /* NNCitiesListViewController.xib */; };
		96F6F15216CECB2C0029BA26 /* NNCitiesListViewController.xib in Resources */ = {isa = PBXBuildFile; fileRef = 96F6F14E16CECB2C0029BA26 /* NNCitiesListViewController.xib */; };
/* End PBXBuildFile section */

/* Begin PBXContainerItemProxy section */
		96C1B14A16CEB40100D95991 /* PBXContainerItemProxy */ = {
			isa = PBXContainerItemProxy;
			containerPortal = 96C1B11516CEB40100D95991 /* Project object */;
			proxyType = 1;
			remoteGlobalIDString = 96C1B11D16CEB40100D95991;
			remoteInfo = "Nerd Nite";
		};
/* End PBXContainerItemProxy section */

/* Begin PBXFileReference section */
		4469C6BD895344AAB8F8D4D9 /* Pods-Nerd NiteTests.xcconfig */ = {isa = PBXFileReference; includeInIndex = 1; lastKnownFileType = text.xcconfig; name = "Pods-Nerd NiteTests.xcconfig"; path = "Pods/Pods-Nerd NiteTests.xcconfig"; sourceTree = SOURCE_ROOT; };
		589F001603B864E78CD67687 /* NNCity.h */ = {isa = PBXFileReference; fileEncoding = 4; lastKnownFileType = sourcecode.c.h; path = NNCity.h; sourceTree = "<group>"; };
		589F00206A98DB00F889B845 /* NNCityViewController.h */ = {isa = PBXFileReference; fileEncoding = 4; lastKnownFileType = sourcecode.c.h; name = NNCityViewController.h; path = "View Controllers/NNCityViewController.h"; sourceTree = "<group>"; };
		589F00C3A3BC08693D1A61CD /* NNBoss.h */ = {isa = PBXFileReference; fileEncoding = 4; lastKnownFileType = sourcecode.c.h; path = NNBoss.h; sourceTree = "<group>"; };
		589F0187DE80137ED4E6F838 /* NNEvent.h */ = {isa = PBXFileReference; fileEncoding = 4; lastKnownFileType = sourcecode.c.h; path = NNEvent.h; sourceTree = "<group>"; };
		589F02619ABCBC716AC4D3EE /* NNEvent.m */ = {isa = PBXFileReference; fileEncoding = 4; lastKnownFileType = sourcecode.c.objc; path = NNEvent.m; sourceTree = "<group>"; };
		589F04172AAEF9F05C937309 /* NNCityTableViewCell.h */ = {isa = PBXFileReference; fileEncoding = 4; lastKnownFileType = sourcecode.c.h; path = NNCityTableViewCell.h; sourceTree = "<group>"; };
		589F051669B22CDC148FCAAE /* NNCollectionViewCell.m */ = {isa = PBXFileReference; fileEncoding = 4; lastKnownFileType = sourcecode.c.objc; path = NNCollectionViewCell.m; sourceTree = "<group>"; };
		589F05DC873F27675B72435F /* NNMapAnnotation.h */ = {isa = PBXFileReference; fileEncoding = 4; lastKnownFileType = sourcecode.c.h; path = NNMapAnnotation.h; sourceTree = "<group>"; };
		589F05F69384FD8847286256 /* NNService.h */ = {isa = PBXFileReference; fileEncoding = 4; lastKnownFileType = sourcecode.c.h; path = NNService.h; sourceTree = "<group>"; };
		589F0648A52552C08704B463 /* NNCollectionViewCell.h */ = {isa = PBXFileReference; fileEncoding = 4; lastKnownFileType = sourcecode.c.h; path = NNCollectionViewCell.h; sourceTree = "<group>"; };
		589F06A007C01A2D5E37D104 /* NNService.m */ = {isa = PBXFileReference; fileEncoding = 4; lastKnownFileType = sourcecode.c.objc; path = NNService.m; sourceTree = "<group>"; };
		589F06A45BD4BE89E11DF38E /* NSDictionary+NNUtilities.h */ = {isa = PBXFileReference; fileEncoding = 4; lastKnownFileType = sourcecode.c.h; path = "NSDictionary+NNUtilities.h"; sourceTree = "<group>"; };
		589F06D6F0324A5ADDBB2958 /* NNCityTableViewCell.m */ = {isa = PBXFileReference; fileEncoding = 4; lastKnownFileType = sourcecode.c.objc; path = NNCityTableViewCell.m; sourceTree = "<group>"; };
		589F073E7A5D502E73493C7C /* NNCity.m */ = {isa = PBXFileReference; fileEncoding = 4; lastKnownFileType = sourcecode.c.objc; path = NNCity.m; sourceTree = "<group>"; };
		589F077C3D2B861C343E822D /* change-Location@2x.png */ = {isa = PBXFileReference; lastKnownFileType = image.png; name = "change-Location@2x.png"; path = "../Images/change-Location@2x.png"; sourceTree = "<group>"; };
		589F07896884FC81A9338689 /* NNPhoto.h */ = {isa = PBXFileReference; fileEncoding = 4; lastKnownFileType = sourcecode.c.h; path = NNPhoto.h; sourceTree = "<group>"; };
		589F07E60A6248BB9888E293 /* NNDateLabelFormatter.h */ = {isa = PBXFileReference; fileEncoding = 4; lastKnownFileType = sourcecode.c.h; name = NNDateLabelFormatter.h; path = "View Controllers/NNDateLabelFormatter.h"; sourceTree = "<group>"; };
		589F089F603B9BDB8F2E20B3 /* NNPastEventsViewControllerSpec.m */ = {isa = PBXFileReference; fileEncoding = 4; lastKnownFileType = sourcecode.c.objc; path = NNPastEventsViewControllerSpec.m; sourceTree = "<group>"; };
		589F08A9186BB065589D3708 /* change-Location.png */ = {isa = PBXFileReference; lastKnownFileType = image.png; name = "change-Location.png"; path = "../Images/change-Location.png"; sourceTree = "<group>"; };
		589F0976585135A720ACD676 /* NNCitiesListViewControllerSpec.m */ = {isa = PBXFileReference; fileEncoding = 4; lastKnownFileType = sourcecode.c.objc; path = NNCitiesListViewControllerSpec.m; sourceTree = "<group>"; };
		589F0AD8EACCB98FEEC06094 /* NNBoss.m */ = {isa = PBXFileReference; fileEncoding = 4; lastKnownFileType = sourcecode.c.objc; path = NNBoss.m; sourceTree = "<group>"; };
		589F0B5511796E0C1266FCFA /* NNEventPictureCell.m */ = {isa = PBXFileReference; fileEncoding = 4; lastKnownFileType = sourcecode.c.objc; path = NNEventPictureCell.m; sourceTree = "<group>"; };
		589F0BCC722B9DE9B1CB06E6 /* NNCityViewController.m */ = {isa = PBXFileReference; fileEncoding = 4; lastKnownFileType = sourcecode.c.objc; name = NNCityViewController.m; path = "View Controllers/NNCityViewController.m"; sourceTree = "<group>"; };
		589F0BE090A22B8A0CCB9C48 /* NNNextEventViewControllerSpec.m */ = {isa = PBXFileReference; fileEncoding = 4; lastKnownFileType = sourcecode.c.objc; path = NNNextEventViewControllerSpec.m; sourceTree = "<group>"; };
		589F0C8CCFECB9029AE77A9C /* NNCityViewControllerSpec.m */ = {isa = PBXFileReference; fileEncoding = 4; lastKnownFileType = sourcecode.c.objc; path = NNCityViewControllerSpec.m; sourceTree = "<group>"; };
		589F0CB3390B5B55A1A42E77 /* NSDictionary+NNUtilities.m */ = {isa = PBXFileReference; fileEncoding = 4; lastKnownFileType = sourcecode.c.objc; path = "NSDictionary+NNUtilities.m"; sourceTree = "<group>"; };
		589F0D0BE4EFCDAC31286950 /* NNEventPictureCell.h */ = {isa = PBXFileReference; fileEncoding = 4; lastKnownFileType = sourcecode.c.h; path = NNEventPictureCell.h; sourceTree = "<group>"; };
		589F0F177941788F0D8914BF /* NNPresentation.m */ = {isa = PBXFileReference; fileEncoding = 4; lastKnownFileType = sourcecode.c.objc; path = NNPresentation.m; sourceTree = "<group>"; };
		589F0F193C630A7E5C104FC4 /* NNPresentation.h */ = {isa = PBXFileReference; fileEncoding = 4; lastKnownFileType = sourcecode.c.h; path = NNPresentation.h; sourceTree = "<group>"; };
		589F0F8D7E73686897B87214 /* NNMapAnnotation.m */ = {isa = PBXFileReference; fileEncoding = 4; lastKnownFileType = sourcecode.c.objc; path = NNMapAnnotation.m; sourceTree = "<group>"; };
		589F0FB3B2CF3679E8FD6045 /* NNDateLabelFormatter.m */ = {isa = PBXFileReference; fileEncoding = 4; lastKnownFileType = sourcecode.c.objc; name = NNDateLabelFormatter.m; path = "View Controllers/NNDateLabelFormatter.m"; sourceTree = "<group>"; };
		589F0FE0FEC95A34AD287941 /* NNPhoto.m */ = {isa = PBXFileReference; fileEncoding = 4; lastKnownFileType = sourcecode.c.objc; path = NNPhoto.m; sourceTree = "<group>"; };
		8310D2D016FFFEFC00713013 /* Icon.png */ = {isa = PBXFileReference; lastKnownFileType = image.png; path = Icon.png; sourceTree = "<group>"; };
		8310D2D216FFFF0500713013 /* Icon@2x.png */ = {isa = PBXFileReference; lastKnownFileType = image.png; path = "Icon@2x.png"; sourceTree = "<group>"; };
		8321EC2D17049A2E00FD74AC /* NNViewController.h */ = {isa = PBXFileReference; fileEncoding = 4; lastKnownFileType = sourcecode.c.h; name = NNViewController.h; path = "View Controllers/NNViewController.h"; sourceTree = "<group>"; };
		8321EC2E17049A2E00FD74AC /* NNViewController.m */ = {isa = PBXFileReference; fileEncoding = 4; lastKnownFileType = sourcecode.c.objc; name = NNViewController.m; path = "View Controllers/NNViewController.m"; sourceTree = "<group>"; };
		961BC8281764D04A00DF6345 /* NNEventPictureCell.xib */ = {isa = PBXFileReference; fileEncoding = 4; lastKnownFileType = file.xib; path = NNEventPictureCell.xib; sourceTree = "<group>"; };
		9622797A17ADFCA200B34367 /* NNNextEventViewController.h */ = {isa = PBXFileReference; fileEncoding = 4; lastKnownFileType = sourcecode.c.h; path = NNNextEventViewController.h; sourceTree = "<group>"; };
		9622797B17ADFCA200B34367 /* NNNextEventViewController.m */ = {isa = PBXFileReference; fileEncoding = 4; lastKnownFileType = sourcecode.c.objc; path = NNNextEventViewController.m; sourceTree = "<group>"; };
		9622797C17ADFCA200B34367 /* NNNextEventViewController.xib */ = {isa = PBXFileReference; fileEncoding = 4; lastKnownFileType = file.xib; path = NNNextEventViewController.xib; sourceTree = "<group>"; };
		9622798D17AEA61A00B34367 /* NNPresentationTableViewCell.h */ = {isa = PBXFileReference; fileEncoding = 4; lastKnownFileType = sourcecode.c.h; path = NNPresentationTableViewCell.h; sourceTree = "<group>"; };
		9622798E17AEA61A00B34367 /* NNPresentationTableViewCell.m */ = {isa = PBXFileReference; fileEncoding = 4; lastKnownFileType = sourcecode.c.objc; path = NNPresentationTableViewCell.m; sourceTree = "<group>"; };
		9622799117AEA62E00B34367 /* NNPresentationTableViewCell.xib */ = {isa = PBXFileReference; fileEncoding = 4; lastKnownFileType = file.xib; path = NNPresentationTableViewCell.xib; sourceTree = "<group>"; };
		9622799317AEBA3200B34367 /* MapKit.framework */ = {isa = PBXFileReference; lastKnownFileType = wrapper.framework; name = MapKit.framework; path = System/Library/Frameworks/MapKit.framework; sourceTree = SDKROOT; };
		9622799517B05D4A00B34367 /* CoreLocation.framework */ = {isa = PBXFileReference; lastKnownFileType = wrapper.framework; name = CoreLocation.framework; path = System/Library/Frameworks/CoreLocation.framework; sourceTree = SDKROOT; };
		964E18DB16D7DCD500AB85B1 /* Default.png */ = {isa = PBXFileReference; lastKnownFileType = image.png; path = Default.png; sourceTree = "<group>"; };
		964E18DE16D7DCF300AB85B1 /* Default@2x.png */ = {isa = PBXFileReference; lastKnownFileType = image.png; path = "Default@2x.png"; sourceTree = "<group>"; };
		964E18E016D7DD0200AB85B1 /* Default-568h@2x.png */ = {isa = PBXFileReference; lastKnownFileType = image.png; path = "Default-568h@2x.png"; sourceTree = "<group>"; };
		9659463B16FCE26400EB5898 /* arrow.png */ = {isa = PBXFileReference; lastKnownFileType = image.png; path = arrow.png; sourceTree = "<group>"; };
		9659463C16FCE26400EB5898 /* arrow@2x.png */ = {isa = PBXFileReference; lastKnownFileType = image.png; path = "arrow@2x.png"; sourceTree = "<group>"; };
		9659463D16FCE26400EB5898 /* back-arrow.png */ = {isa = PBXFileReference; lastKnownFileType = image.png; path = "back-arrow.png"; sourceTree = "<group>"; };
		9659463E16FCE26400EB5898 /* back-arrow@2x.png */ = {isa = PBXFileReference; lastKnownFileType = image.png; path = "back-arrow@2x.png"; sourceTree = "<group>"; };
		9659463F16FCE26400EB5898 /* city-name.png */ = {isa = PBXFileReference; lastKnownFileType = image.png; path = "city-name.png"; sourceTree = "<group>"; };
		9659464016FCE26400EB5898 /* city-name@2x.png */ = {isa = PBXFileReference; lastKnownFileType = image.png; path = "city-name@2x.png"; sourceTree = "<group>"; };
		9659464116FCE26400EB5898 /* custom-pin.png */ = {isa = PBXFileReference; lastKnownFileType = image.png; path = "custom-pin.png"; sourceTree = "<group>"; };
		9659464216FCE26400EB5898 /* custom-pin@2x.png */ = {isa = PBXFileReference; lastKnownFileType = image.png; path = "custom-pin@2x.png"; sourceTree = "<group>"; };
		9659464316FCE26400EB5898 /* facebook-photo-overlay.png */ = {isa = PBXFileReference; lastKnownFileType = image.png; path = "facebook-photo-overlay.png"; sourceTree = "<group>"; };
		9659464416FCE26400EB5898 /* facebook-photo-overlay@2x.png */ = {isa = PBXFileReference; lastKnownFileType = image.png; path = "facebook-photo-overlay@2x.png"; sourceTree = "<group>"; };
		9659464516FCE26400EB5898 /* facebook.png */ = {isa = PBXFileReference; lastKnownFileType = image.png; path = facebook.png; sourceTree = "<group>"; };
		9659464616FCE26400EB5898 /* fb-rsvp.png */ = {isa = PBXFileReference; lastKnownFileType = image.png; path = "fb-rsvp.png"; sourceTree = "<group>"; };
		9659464716FCE26400EB5898 /* fb-rsvp@2x.png */ = {isa = PBXFileReference; lastKnownFileType = image.png; path = "fb-rsvp@2x.png"; sourceTree = "<group>"; };
		9659464816FCE26400EB5898 /* glasses.png */ = {isa = PBXFileReference; lastKnownFileType = image.png; path = glasses.png; sourceTree = "<group>"; };
		9659464916FCE26400EB5898 /* glasses@2x.png */ = {isa = PBXFileReference; lastKnownFileType = image.png; path = "glasses@2x.png"; sourceTree = "<group>"; };
		9659464A16FCE26400EB5898 /* google-photo-overlay.png */ = {isa = PBXFileReference; lastKnownFileType = image.png; path = "google-photo-overlay.png"; sourceTree = "<group>"; };
		9659464B16FCE26400EB5898 /* google-photo-overlay@2x.png */ = {isa = PBXFileReference; lastKnownFileType = image.png; path = "google-photo-overlay@2x.png"; sourceTree = "<group>"; };
		9659464C16FCE26400EB5898 /* logo.png */ = {isa = PBXFileReference; lastKnownFileType = image.png; path = logo.png; sourceTree = "<group>"; };
		9659464D16FCE26400EB5898 /* logo@2x.png */ = {isa = PBXFileReference; lastKnownFileType = image.png; path = "logo@2x.png"; sourceTree = "<group>"; };
		9659464E16FCE26400EB5898 /* previous.png */ = {isa = PBXFileReference; lastKnownFileType = image.png; path = previous.png; sourceTree = "<group>"; };
		9659464F16FCE26400EB5898 /* previous@2x.png */ = {isa = PBXFileReference; lastKnownFileType = image.png; path = "previous@2x.png"; sourceTree = "<group>"; };
		9659465016FCE26400EB5898 /* twitter-photo-overlay.png */ = {isa = PBXFileReference; lastKnownFileType = image.png; path = "twitter-photo-overlay.png"; sourceTree = "<group>"; };
		9659465116FCE26400EB5898 /* twitter-photo-overlay@2x.png */ = {isa = PBXFileReference; lastKnownFileType = image.png; path = "twitter-photo-overlay@2x.png"; sourceTree = "<group>"; };
		9659465216FCE26400EB5898 /* twitter.png */ = {isa = PBXFileReference; lastKnownFileType = image.png; path = twitter.png; sourceTree = "<group>"; };
		9659465316FCE26400EB5898 /* upcoming.png */ = {isa = PBXFileReference; lastKnownFileType = image.png; path = upcoming.png; sourceTree = "<group>"; };
		9659465416FCE26400EB5898 /* upcoming@2x.png */ = {isa = PBXFileReference; lastKnownFileType = image.png; path = "upcoming@2x.png"; sourceTree = "<group>"; };
		9659465516FCE26400EB5898 /* vote-selected.png */ = {isa = PBXFileReference; lastKnownFileType = image.png; path = "vote-selected.png"; sourceTree = "<group>"; };
		9659465616FCE26400EB5898 /* vote-selected@2x.png */ = {isa = PBXFileReference; lastKnownFileType = image.png; path = "vote-selected@2x.png"; sourceTree = "<group>"; };
		9659465716FCE26400EB5898 /* vote.png */ = {isa = PBXFileReference; lastKnownFileType = image.png; path = vote.png; sourceTree = "<group>"; };
		9659465816FCE26400EB5898 /* vote@2x.png */ = {isa = PBXFileReference; lastKnownFileType = image.png; path = "vote@2x.png"; sourceTree = "<group>"; };
		9659465916FCE26400EB5898 /* x.png */ = {isa = PBXFileReference; lastKnownFileType = image.png; path = x.png; sourceTree = "<group>"; };
		9659465A16FCE26400EB5898 /* x@2x.png */ = {isa = PBXFileReference; lastKnownFileType = image.png; path = "x@2x.png"; sourceTree = "<group>"; };
		9659469B16FCE4CB00EB5898 /* prev-view-pics-bttn.png */ = {isa = PBXFileReference; lastKnownFileType = image.png; path = "prev-view-pics-bttn.png"; sourceTree = "<group>"; };
		9659469C16FCE4CB00EB5898 /* prev-view-pics-bttn@2x.png */ = {isa = PBXFileReference; lastKnownFileType = image.png; path = "prev-view-pics-bttn@2x.png"; sourceTree = "<group>"; };
		9659469D16FCE4CB00EB5898 /* prev-vote-up-bttn.png */ = {isa = PBXFileReference; lastKnownFileType = image.png; path = "prev-vote-up-bttn.png"; sourceTree = "<group>"; };
		9659469E16FCE4CB00EB5898 /* prev-vote-up-bttn@2x.png */ = {isa = PBXFileReference; lastKnownFileType = image.png; path = "prev-vote-up-bttn@2x.png"; sourceTree = "<group>"; };
		965946AE16FD035400EB5898 /* NNPastEventsViewController.h */ = {isa = PBXFileReference; fileEncoding = 4; lastKnownFileType = sourcecode.c.h; path = NNPastEventsViewController.h; sourceTree = "<group>"; };
		965946AF16FD035400EB5898 /* NNPastEventsViewController.m */ = {isa = PBXFileReference; fileEncoding = 4; lastKnownFileType = sourcecode.c.objc; path = NNPastEventsViewController.m; sourceTree = "<group>"; };
		965946B016FD035400EB5898 /* NNPastEventsViewController.xib */ = {isa = PBXFileReference; fileEncoding = 4; lastKnownFileType = file.xib; path = NNPastEventsViewController.xib; sourceTree = "<group>"; };
		966E6CBE1747026B003C7E69 /* NNBossCollectionViewCell.xib */ = {isa = PBXFileReference; fileEncoding = 4; lastKnownFileType = file.xib; path = NNBossCollectionViewCell.xib; sourceTree = "<group>"; };
		966E6CC417470319003C7E69 /* NNBossCollectionViewCell.h */ = {isa = PBXFileReference; fileEncoding = 4; lastKnownFileType = sourcecode.c.h; path = NNBossCollectionViewCell.h; sourceTree = "<group>"; };
		966E6CC517470319003C7E69 /* NNBossCollectionViewCell.m */ = {isa = PBXFileReference; fileEncoding = 4; lastKnownFileType = sourcecode.c.objc; path = NNBossCollectionViewCell.m; sourceTree = "<group>"; };
		969E765D16D97DFB0030AB24 /* facebook@2x.png */ = {isa = PBXFileReference; lastKnownFileType = image.png; name = "facebook@2x.png"; path = "Images/facebook@2x.png"; sourceTree = SOURCE_ROOT; };
		969E765E16D97DFB0030AB24 /* twitter@2x.png */ = {isa = PBXFileReference; lastKnownFileType = image.png; name = "twitter@2x.png"; path = "Images/twitter@2x.png"; sourceTree = SOURCE_ROOT; };
		969E766416D987D00030AB24 /* previousEvents@2x.png */ = {isa = PBXFileReference; lastKnownFileType = image.png; name = "previousEvents@2x.png"; path = "Images/previousEvents@2x.png"; sourceTree = SOURCE_ROOT; };
		969E766516D987D00030AB24 /* upcomingEvents@2x.png */ = {isa = PBXFileReference; lastKnownFileType = image.png; name = "upcomingEvents@2x.png"; path = "Images/upcomingEvents@2x.png"; sourceTree = SOURCE_ROOT; };
		969E766816D989D50030AB24 /* learnMore@2x.png */ = {isa = PBXFileReference; lastKnownFileType = image.png; name = "learnMore@2x.png"; path = "Images/learnMore@2x.png"; sourceTree = SOURCE_ROOT; };
		969E766A16D98FA60030AB24 /* QuartzCore.framework */ = {isa = PBXFileReference; lastKnownFileType = wrapper.framework; name = QuartzCore.framework; path = System/Library/Frameworks/QuartzCore.framework; sourceTree = SDKROOT; };
		969E768016D9A5540030AB24 /* littleGlasses@2x.png */ = {isa = PBXFileReference; lastKnownFileType = image.png; name = "littleGlasses@2x.png"; path = "Images/littleGlasses@2x.png"; sourceTree = SOURCE_ROOT; };
		96B4AAB616D829A00071B430 /* NNCityTableViewCell.xib */ = {isa = PBXFileReference; fileEncoding = 4; lastKnownFileType = file.xib; path = NNCityTableViewCell.xib; sourceTree = "<group>"; };
		96B7855D16D839E000C943F1 /* NNCityViewController.xib */ = {isa = PBXFileReference; fileEncoding = 4; lastKnownFileType = file.xib; path = NNCityViewController.xib; sourceTree = "<group>"; };
		96B7856616D83C0000C943F1 /* NNNavigationBar.h */ = {isa = PBXFileReference; fileEncoding = 4; lastKnownFileType = sourcecode.c.h; path = NNNavigationBar.h; sourceTree = "<group>"; };
		96B7856716D83C0000C943F1 /* NNNavigationBar.m */ = {isa = PBXFileReference; fileEncoding = 4; lastKnownFileType = sourcecode.c.objc; path = NNNavigationBar.m; sourceTree = "<group>"; };
		96B7856B16D8402900C943F1 /* title_bar.png */ = {isa = PBXFileReference; lastKnownFileType = image.png; name = title_bar.png; path = Images/title_bar.png; sourceTree = SOURCE_ROOT; };
		96B7856C16D8402900C943F1 /* title_bar@2x.png */ = {isa = PBXFileReference; lastKnownFileType = image.png; name = "title_bar@2x.png"; path = "Images/title_bar@2x.png"; sourceTree = SOURCE_ROOT; };
		96C1B11E16CEB40100D95991 /* Nerd Nite.app */ = {isa = PBXFileReference; explicitFileType = wrapper.application; includeInIndex = 0; path = "Nerd Nite.app"; sourceTree = BUILT_PRODUCTS_DIR; };
		96C1B12216CEB40100D95991 /* UIKit.framework */ = {isa = PBXFileReference; includeInIndex = 1; lastKnownFileType = wrapper.framework; name = UIKit.framework; path = System/Library/Frameworks/UIKit.framework; sourceTree = SDKROOT; };
		96C1B12416CEB40100D95991 /* Foundation.framework */ = {isa = PBXFileReference; includeInIndex = 1; lastKnownFileType = wrapper.framework; name = Foundation.framework; path = System/Library/Frameworks/Foundation.framework; sourceTree = SDKROOT; };
		96C1B12616CEB40100D95991 /* CoreGraphics.framework */ = {isa = PBXFileReference; includeInIndex = 1; lastKnownFileType = wrapper.framework; name = CoreGraphics.framework; path = System/Library/Frameworks/CoreGraphics.framework; sourceTree = SDKROOT; };
		96C1B12A16CEB40100D95991 /* Nerd Nite-Info.plist */ = {isa = PBXFileReference; lastKnownFileType = text.plist.xml; path = "Nerd Nite-Info.plist"; sourceTree = "<group>"; };
		96C1B12C16CEB40100D95991 /* en */ = {isa = PBXFileReference; lastKnownFileType = text.plist.strings; name = en; path = en.lproj/InfoPlist.strings; sourceTree = "<group>"; };
		96C1B12E16CEB40100D95991 /* main.m */ = {isa = PBXFileReference; lastKnownFileType = sourcecode.c.objc; path = main.m; sourceTree = "<group>"; };
		96C1B13016CEB40100D95991 /* Nerd Nite-Prefix.pch */ = {isa = PBXFileReference; lastKnownFileType = sourcecode.c.h; path = "Nerd Nite-Prefix.pch"; sourceTree = "<group>"; };
		96C1B13116CEB40100D95991 /* NNAppDelegate.h */ = {isa = PBXFileReference; lastKnownFileType = sourcecode.c.h; path = NNAppDelegate.h; sourceTree = "<group>"; };
		96C1B13216CEB40100D95991 /* NNAppDelegate.m */ = {isa = PBXFileReference; lastKnownFileType = sourcecode.c.objc; path = NNAppDelegate.m; sourceTree = "<group>"; };
		96C1B13416CEB40100D95991 /* Default.png */ = {isa = PBXFileReference; lastKnownFileType = image.png; path = Default.png; sourceTree = "<group>"; };
		96C1B13616CEB40100D95991 /* Default@2x.png */ = {isa = PBXFileReference; lastKnownFileType = image.png; path = "Default@2x.png"; sourceTree = "<group>"; };
		96C1B13816CEB40100D95991 /* Default-568h@2x.png */ = {isa = PBXFileReference; lastKnownFileType = image.png; path = "Default-568h@2x.png"; sourceTree = "<group>"; };
		96C1B14516CEB40100D95991 /* Nerd NiteTests.octest */ = {isa = PBXFileReference; explicitFileType = wrapper.cfbundle; includeInIndex = 0; path = "Nerd NiteTests.octest"; sourceTree = BUILT_PRODUCTS_DIR; };
		96C1B14616CEB40100D95991 /* SenTestingKit.framework */ = {isa = PBXFileReference; includeInIndex = 1; lastKnownFileType = wrapper.framework; name = SenTestingKit.framework; path = Library/Frameworks/SenTestingKit.framework; sourceTree = DEVELOPER_DIR; };
		96C1B14E16CEB40100D95991 /* Nerd NiteTests-Info.plist */ = {isa = PBXFileReference; lastKnownFileType = text.plist.xml; path = "Nerd NiteTests-Info.plist"; sourceTree = "<group>"; };
		96C1B15016CEB40100D95991 /* en */ = {isa = PBXFileReference; lastKnownFileType = text.plist.strings; name = en; path = en.lproj/InfoPlist.strings; sourceTree = "<group>"; };
		96C1B2B616FD0D9100EDA714 /* NNPastEventView.h */ = {isa = PBXFileReference; fileEncoding = 4; lastKnownFileType = sourcecode.c.h; path = NNPastEventView.h; sourceTree = "<group>"; };
		96C1B2B716FD0D9100EDA714 /* NNPastEventView.m */ = {isa = PBXFileReference; fileEncoding = 4; lastKnownFileType = sourcecode.c.objc; path = NNPastEventView.m; sourceTree = "<group>"; };
		96C1B2BA16FD0DA600EDA714 /* NNPastEventView.xib */ = {isa = PBXFileReference; fileEncoding = 4; lastKnownFileType = file.xib; path = NNPastEventView.xib; sourceTree = "<group>"; };
		96C7B6DD17470EFD00C8B9C7 /* NNCityPreviewImageCollectionViewCell.xib */ = {isa = PBXFileReference; fileEncoding = 4; lastKnownFileType = file.xib; path = NNCityPreviewImageCollectionViewCell.xib; sourceTree = "<group>"; };
		96C7B6DF17470F3D00C8B9C7 /* NNCityPreviewImageCollectionViewCell.h */ = {isa = PBXFileReference; fileEncoding = 4; lastKnownFileType = sourcecode.c.h; path = NNCityPreviewImageCollectionViewCell.h; sourceTree = "<group>"; };
		96C7B6E017470F3D00C8B9C7 /* NNCityPreviewImageCollectionViewCell.m */ = {isa = PBXFileReference; fileEncoding = 4; lastKnownFileType = sourcecode.c.objc; path = NNCityPreviewImageCollectionViewCell.m; sourceTree = "<group>"; };
		96C7B6E3174717B000C8B9C7 /* NNPresenterImageCollectionViewCell.xib */ = {isa = PBXFileReference; fileEncoding = 4; lastKnownFileType = file.xib; path = NNPresenterImageCollectionViewCell.xib; sourceTree = "<group>"; };
		96C7B6E6174717D000C8B9C7 /* NNPresenterImageCollectionViewCell.h */ = {isa = PBXFileReference; fileEncoding = 4; lastKnownFileType = sourcecode.c.h; path = NNPresenterImageCollectionViewCell.h; sourceTree = "<group>"; };
		96C7B6E7174717D000C8B9C7 /* NNPresenterImageCollectionViewCell.m */ = {isa = PBXFileReference; fileEncoding = 4; lastKnownFileType = sourcecode.c.objc; path = NNPresenterImageCollectionViewCell.m; sourceTree = "<group>"; };
		96DADC9F1711188900333091 /* NNEventPicturesViewController.h */ = {isa = PBXFileReference; fileEncoding = 4; lastKnownFileType = sourcecode.c.h; path = NNEventPicturesViewController.h; sourceTree = "<group>"; };
		96DADCA01711188900333091 /* NNEventPicturesViewController.m */ = {isa = PBXFileReference; fileEncoding = 4; lastKnownFileType = sourcecode.c.objc; path = NNEventPicturesViewController.m; sourceTree = "<group>"; };
		96DADCA11711188900333091 /* NNEventPicturesViewController.xib */ = {isa = PBXFileReference; fileEncoding = 4; lastKnownFileType = file.xib; path = NNEventPicturesViewController.xib; sourceTree = "<group>"; };
		96F6F14316CEB9610029BA26 /* NNPresenterViewControllerSpec.m */ = {isa = PBXFileReference; fileEncoding = 4; lastKnownFileType = sourcecode.c.objc; name = NNPresenterViewControllerSpec.m; path = "View Controllers/NNPresenterViewControllerSpec.m"; sourceTree = "<group>"; };
		96F6F14C16CECB2C0029BA26 /* NNCitiesListViewController.h */ = {isa = PBXFileReference; fileEncoding = 4; lastKnownFileType = sourcecode.c.h; name = NNCitiesListViewController.h; path = "View Controllers/NNCitiesListViewController.h"; sourceTree = "<group>"; };
		96F6F14D16CECB2C0029BA26 /* NNCitiesListViewController.m */ = {isa = PBXFileReference; fileEncoding = 4; lastKnownFileType = sourcecode.c.objc; name = NNCitiesListViewController.m; path = "View Controllers/NNCitiesListViewController.m"; sourceTree = "<group>"; };
		96F6F14E16CECB2C0029BA26 /* NNCitiesListViewController.xib */ = {isa = PBXFileReference; fileEncoding = 4; lastKnownFileType = file.xib; name = NNCitiesListViewController.xib; path = "View Controllers/NNCitiesListViewController.xib"; sourceTree = "<group>"; };
		9A9EB949EC6543EA9D0F200A /* Pods.xcconfig */ = {isa = PBXFileReference; includeInIndex = 1; lastKnownFileType = text.xcconfig; name = Pods.xcconfig; path = Pods/Pods.xcconfig; sourceTree = SOURCE_ROOT; };
		E36BBCDDD539487EB37526A9 /* libPods-Nerd NiteTests.a */ = {isa = PBXFileReference; explicitFileType = archive.ar; includeInIndex = 0; path = "libPods-Nerd NiteTests.a"; sourceTree = BUILT_PRODUCTS_DIR; };
		FDD1AECA49F148F88B970C97 /* libPods.a */ = {isa = PBXFileReference; explicitFileType = archive.ar; includeInIndex = 0; path = libPods.a; sourceTree = BUILT_PRODUCTS_DIR; };
/* End PBXFileReference section */

/* Begin PBXFrameworksBuildPhase section */
		96C1B11B16CEB40100D95991 /* Frameworks */ = {
			isa = PBXFrameworksBuildPhase;
			buildActionMask = 2147483647;
			files = (
				9622799617B05D4A00B34367 /* CoreLocation.framework in Frameworks */,
				9622799417AEBA3300B34367 /* MapKit.framework in Frameworks */,
				969E766B16D98FA60030AB24 /* QuartzCore.framework in Frameworks */,
				96C1B12316CEB40100D95991 /* UIKit.framework in Frameworks */,
				96C1B12516CEB40100D95991 /* Foundation.framework in Frameworks */,
				96C1B12716CEB40100D95991 /* CoreGraphics.framework in Frameworks */,
				2B8DADDF168D42E2A82E2EE2 /* libPods.a in Frameworks */,
			);
			runOnlyForDeploymentPostprocessing = 0;
		};
		96C1B14116CEB40100D95991 /* Frameworks */ = {
			isa = PBXFrameworksBuildPhase;
			buildActionMask = 2147483647;
			files = (
				968A52B518E5FBFE0037CBDB /* CoreLocation.framework in Frameworks */,
				968A52B418E5FBF50037CBDB /* MapKit.framework in Frameworks */,
				96C1B14716CEB40100D95991 /* SenTestingKit.framework in Frameworks */,
				96C1B14816CEB40100D95991 /* UIKit.framework in Frameworks */,
				96C1B14916CEB40100D95991 /* Foundation.framework in Frameworks */,
				541543C3EBFE4BA2A2CEFEC2 /* libPods-Nerd NiteTests.a in Frameworks */,
			);
			runOnlyForDeploymentPostprocessing = 0;
		};
/* End PBXFrameworksBuildPhase section */

/* Begin PBXGroup section */
		589F0134ABD60D542F335B38 /* Categories */ = {
			isa = PBXGroup;
			children = (
				589F0CB3390B5B55A1A42E77 /* NSDictionary+NNUtilities.m */,
				589F06A45BD4BE89E11DF38E /* NSDictionary+NNUtilities.h */,
			);
			path = Categories;
			sourceTree = "<group>";
		};
		96B4AAB316D829540071B430 /* Views */ = {
			isa = PBXGroup;
			children = (
				589F06D6F0324A5ADDBB2958 /* NNCityTableViewCell.m */,
				589F04172AAEF9F05C937309 /* NNCityTableViewCell.h */,
				96B4AAB616D829A00071B430 /* NNCityTableViewCell.xib */,
				96B7856616D83C0000C943F1 /* NNNavigationBar.h */,
				96B7856716D83C0000C943F1 /* NNNavigationBar.m */,
				96C1B2B616FD0D9100EDA714 /* NNPastEventView.h */,
				96C1B2B716FD0D9100EDA714 /* NNPastEventView.m */,
				96C1B2BA16FD0DA600EDA714 /* NNPastEventView.xib */,
				966E6CBE1747026B003C7E69 /* NNBossCollectionViewCell.xib */,
				966E6CC417470319003C7E69 /* NNBossCollectionViewCell.h */,
				966E6CC517470319003C7E69 /* NNBossCollectionViewCell.m */,
				589F051669B22CDC148FCAAE /* NNCollectionViewCell.m */,
				589F0648A52552C08704B463 /* NNCollectionViewCell.h */,
				96C7B6DD17470EFD00C8B9C7 /* NNCityPreviewImageCollectionViewCell.xib */,
				96C7B6DF17470F3D00C8B9C7 /* NNCityPreviewImageCollectionViewCell.h */,
				96C7B6E017470F3D00C8B9C7 /* NNCityPreviewImageCollectionViewCell.m */,
				96C7B6E3174717B000C8B9C7 /* NNPresenterImageCollectionViewCell.xib */,
				96C7B6E6174717D000C8B9C7 /* NNPresenterImageCollectionViewCell.h */,
				96C7B6E7174717D000C8B9C7 /* NNPresenterImageCollectionViewCell.m */,
				589F0B5511796E0C1266FCFA /* NNEventPictureCell.m */,
				589F0D0BE4EFCDAC31286950 /* NNEventPictureCell.h */,
				961BC8281764D04A00DF6345 /* NNEventPictureCell.xib */,
				9622798D17AEA61A00B34367 /* NNPresentationTableViewCell.h */,
				9622798E17AEA61A00B34367 /* NNPresentationTableViewCell.m */,
				9622799117AEA62E00B34367 /* NNPresentationTableViewCell.xib */,
			);
			name = Views;
			sourceTree = "<group>";
		};
		96B4AAB516D8295C0071B430 /* Models */ = {
			isa = PBXGroup;
			children = (
				589F073E7A5D502E73493C7C /* NNCity.m */,
				589F001603B864E78CD67687 /* NNCity.h */,
				589F0AD8EACCB98FEEC06094 /* NNBoss.m */,
				589F00C3A3BC08693D1A61CD /* NNBoss.h */,
				589F02619ABCBC716AC4D3EE /* NNEvent.m */,
				589F0187DE80137ED4E6F838 /* NNEvent.h */,
				589F0F177941788F0D8914BF /* NNPresentation.m */,
				589F0F193C630A7E5C104FC4 /* NNPresentation.h */,
				589F0FE0FEC95A34AD287941 /* NNPhoto.m */,
				589F07896884FC81A9338689 /* NNPhoto.h */,
			);
			name = Models;
			sourceTree = "<group>";
		};
		96B7856A16D8401800C943F1 /* Images */ = {
			isa = PBXGroup;
			children = (
				9659463B16FCE26400EB5898 /* arrow.png */,
				9659463C16FCE26400EB5898 /* arrow@2x.png */,
				9659463D16FCE26400EB5898 /* back-arrow.png */,
				9659463E16FCE26400EB5898 /* back-arrow@2x.png */,
				589F08A9186BB065589D3708 /* change-Location.png */,
				589F077C3D2B861C343E822D /* change-Location@2x.png */,
				9659463F16FCE26400EB5898 /* city-name.png */,
				9659464016FCE26400EB5898 /* city-name@2x.png */,
				9659464116FCE26400EB5898 /* custom-pin.png */,
				9659464216FCE26400EB5898 /* custom-pin@2x.png */,
				9659464316FCE26400EB5898 /* facebook-photo-overlay.png */,
				9659464416FCE26400EB5898 /* facebook-photo-overlay@2x.png */,
				9659464516FCE26400EB5898 /* facebook.png */,
				969E765D16D97DFB0030AB24 /* facebook@2x.png */,
				9659464616FCE26400EB5898 /* fb-rsvp.png */,
				9659464716FCE26400EB5898 /* fb-rsvp@2x.png */,
				9659464816FCE26400EB5898 /* glasses.png */,
				9659464916FCE26400EB5898 /* glasses@2x.png */,
				9659464A16FCE26400EB5898 /* google-photo-overlay.png */,
				9659464B16FCE26400EB5898 /* google-photo-overlay@2x.png */,
				969E766816D989D50030AB24 /* learnMore@2x.png */,
				969E768016D9A5540030AB24 /* littleGlasses@2x.png */,
				9659464C16FCE26400EB5898 /* logo.png */,
				9659464D16FCE26400EB5898 /* logo@2x.png */,
				9659469B16FCE4CB00EB5898 /* prev-view-pics-bttn.png */,
				9659469C16FCE4CB00EB5898 /* prev-view-pics-bttn@2x.png */,
				9659469D16FCE4CB00EB5898 /* prev-vote-up-bttn.png */,
				9659469E16FCE4CB00EB5898 /* prev-vote-up-bttn@2x.png */,
				9659464E16FCE26400EB5898 /* previous.png */,
				9659464F16FCE26400EB5898 /* previous@2x.png */,
				969E766416D987D00030AB24 /* previousEvents@2x.png */,
				96B7856B16D8402900C943F1 /* title_bar.png */,
				96B7856C16D8402900C943F1 /* title_bar@2x.png */,
				9659465016FCE26400EB5898 /* twitter-photo-overlay.png */,
				9659465116FCE26400EB5898 /* twitter-photo-overlay@2x.png */,
				9659465216FCE26400EB5898 /* twitter.png */,
				969E765E16D97DFB0030AB24 /* twitter@2x.png */,
				9659465316FCE26400EB5898 /* upcoming.png */,
				9659465416FCE26400EB5898 /* upcoming@2x.png */,
				969E766516D987D00030AB24 /* upcomingEvents@2x.png */,
				9659465516FCE26400EB5898 /* vote-selected.png */,
				9659465616FCE26400EB5898 /* vote-selected@2x.png */,
				9659465716FCE26400EB5898 /* vote.png */,
				9659465816FCE26400EB5898 /* vote@2x.png */,
				9659465916FCE26400EB5898 /* x.png */,
				9659465A16FCE26400EB5898 /* x@2x.png */,
			);
			name = Images;
			path = "Nerd Nite";
			sourceTree = "<group>";
		};
		96C1B11316CEB40100D95991 = {
			isa = PBXGroup;
			children = (
				9622799517B05D4A00B34367 /* CoreLocation.framework */,
				9622799317AEBA3200B34367 /* MapKit.framework */,
				964E18DB16D7DCD500AB85B1 /* Default.png */,
				964E18DE16D7DCF300AB85B1 /* Default@2x.png */,
				964E18E016D7DD0200AB85B1 /* Default-568h@2x.png */,
				8310D2D216FFFF0500713013 /* Icon@2x.png */,
				8310D2D016FFFEFC00713013 /* Icon.png */,
				969E766A16D98FA60030AB24 /* QuartzCore.framework */,
				96C1B12816CEB40100D95991 /* Nerd Nite */,
				96B7856A16D8401800C943F1 /* Images */,
				96C1B14C16CEB40100D95991 /* Nerd NiteTests */,
				96C1B12116CEB40100D95991 /* Frameworks */,
				96C1B11F16CEB40100D95991 /* Products */,
				9A9EB949EC6543EA9D0F200A /* Pods.xcconfig */,
				4469C6BD895344AAB8F8D4D9 /* Pods-Nerd NiteTests.xcconfig */,
			);
			sourceTree = "<group>";
		};
		96C1B11F16CEB40100D95991 /* Products */ = {
			isa = PBXGroup;
			children = (
				96C1B11E16CEB40100D95991 /* Nerd Nite.app */,
				96C1B14516CEB40100D95991 /* Nerd NiteTests.octest */,
			);
			name = Products;
			sourceTree = "<group>";
		};
		96C1B12116CEB40100D95991 /* Frameworks */ = {
			isa = PBXGroup;
			children = (
				96C1B12216CEB40100D95991 /* UIKit.framework */,
				96C1B12416CEB40100D95991 /* Foundation.framework */,
				96C1B12616CEB40100D95991 /* CoreGraphics.framework */,
				96C1B14616CEB40100D95991 /* SenTestingKit.framework */,
				FDD1AECA49F148F88B970C97 /* libPods.a */,
				E36BBCDDD539487EB37526A9 /* libPods-Nerd NiteTests.a */,
			);
			name = Frameworks;
			sourceTree = "<group>";
		};
		96C1B12816CEB40100D95991 /* Nerd Nite */ = {
			isa = PBXGroup;
			children = (
				96B4AAB516D8295C0071B430 /* Models */,
				96C1B13116CEB40100D95991 /* NNAppDelegate.h */,
				96C1B13216CEB40100D95991 /* NNAppDelegate.m */,
				589F05F69384FD8847286256 /* NNService.h */,
				589F06A007C01A2D5E37D104 /* NNService.m */,
				96C1B12916CEB40100D95991 /* Supporting Files */,
				96F6F13916CEB8BF0029BA26 /* View Controllers */,
				96B4AAB316D829540071B430 /* Views */,
				589F0134ABD60D542F335B38 /* Categories */,
				589F0F8D7E73686897B87214 /* NNMapAnnotation.m */,
				589F05DC873F27675B72435F /* NNMapAnnotation.h */,
			);
			path = "Nerd Nite";
			sourceTree = "<group>";
		};
		96C1B12916CEB40100D95991 /* Supporting Files */ = {
			isa = PBXGroup;
			children = (
				96C1B12A16CEB40100D95991 /* Nerd Nite-Info.plist */,
				96C1B12B16CEB40100D95991 /* InfoPlist.strings */,
				96C1B12E16CEB40100D95991 /* main.m */,
				96C1B13016CEB40100D95991 /* Nerd Nite-Prefix.pch */,
				96C1B13416CEB40100D95991 /* Default.png */,
				96C1B13616CEB40100D95991 /* Default@2x.png */,
				96C1B13816CEB40100D95991 /* Default-568h@2x.png */,
			);
			name = "Supporting Files";
			sourceTree = "<group>";
		};
		96C1B14C16CEB40100D95991 /* Nerd NiteTests */ = {
			isa = PBXGroup;
			children = (
				96F6F14116CEB9490029BA26 /* View Controllers */,
				96C1B14D16CEB40100D95991 /* Supporting Files */,
			);
			path = "Nerd NiteTests";
			sourceTree = "<group>";
		};
		96C1B14D16CEB40100D95991 /* Supporting Files */ = {
			isa = PBXGroup;
			children = (
				96C1B14E16CEB40100D95991 /* Nerd NiteTests-Info.plist */,
				96C1B14F16CEB40100D95991 /* InfoPlist.strings */,
			);
			name = "Supporting Files";
			sourceTree = "<group>";
		};
		96F6F13916CEB8BF0029BA26 /* View Controllers */ = {
			isa = PBXGroup;
			children = (
				8321EC2D17049A2E00FD74AC /* NNViewController.h */,
				8321EC2E17049A2E00FD74AC /* NNViewController.m */,
				589F0BCC722B9DE9B1CB06E6 /* NNCityViewController.m */,
				589F00206A98DB00F889B845 /* NNCityViewController.h */,
				96B7855D16D839E000C943F1 /* NNCityViewController.xib */,
				96F6F14C16CECB2C0029BA26 /* NNCitiesListViewController.h */,
				96F6F14D16CECB2C0029BA26 /* NNCitiesListViewController.m */,
				96F6F14E16CECB2C0029BA26 /* NNCitiesListViewController.xib */,
				9622797A17ADFCA200B34367 /* NNNextEventViewController.h */,
				9622797B17ADFCA200B34367 /* NNNextEventViewController.m */,
				9622797C17ADFCA200B34367 /* NNNextEventViewController.xib */,
				965946AE16FD035400EB5898 /* NNPastEventsViewController.h */,
				965946AF16FD035400EB5898 /* NNPastEventsViewController.m */,
				965946B016FD035400EB5898 /* NNPastEventsViewController.xib */,
				96DADC9F1711188900333091 /* NNEventPicturesViewController.h */,
				96DADCA01711188900333091 /* NNEventPicturesViewController.m */,
				96DADCA11711188900333091 /* NNEventPicturesViewController.xib */,
				589F0FB3B2CF3679E8FD6045 /* NNDateLabelFormatter.m */,
				589F07E60A6248BB9888E293 /* NNDateLabelFormatter.h */,
			);
			name = "View Controllers";
			sourceTree = "<group>";
		};
		96F6F14116CEB9490029BA26 /* View Controllers */ = {
			isa = PBXGroup;
			children = (
				96F6F14316CEB9610029BA26 /* NNPresenterViewControllerSpec.m */,
				589F0976585135A720ACD676 /* NNCitiesListViewControllerSpec.m */,
				589F0C8CCFECB9029AE77A9C /* NNCityViewControllerSpec.m */,
				589F0BE090A22B8A0CCB9C48 /* NNNextEventViewControllerSpec.m */,
				589F089F603B9BDB8F2E20B3 /* NNPastEventsViewControllerSpec.m */,
			);
			name = "View Controllers";
			sourceTree = "<group>";
		};
/* End PBXGroup section */

/* Begin PBXNativeTarget section */
		96C1B11D16CEB40100D95991 /* Nerd Nite */ = {
			isa = PBXNativeTarget;
			buildConfigurationList = 96C1B15716CEB40100D95991 /* Build configuration list for PBXNativeTarget "Nerd Nite" */;
			buildPhases = (
				96C1B11A16CEB40100D95991 /* Sources */,
				96C1B11B16CEB40100D95991 /* Frameworks */,
				96C1B11C16CEB40100D95991 /* Resources */,
				73922172FDEC4F5798B5997D /* Copy Pods Resources */,
			);
			buildRules = (
			);
			dependencies = (
			);
			name = "Nerd Nite";
			productName = "Nerd Nite";
			productReference = 96C1B11E16CEB40100D95991 /* Nerd Nite.app */;
			productType = "com.apple.product-type.application";
		};
		96C1B14416CEB40100D95991 /* Nerd NiteTests */ = {
			isa = PBXNativeTarget;
			buildConfigurationList = 96C1B15A16CEB40100D95991 /* Build configuration list for PBXNativeTarget "Nerd NiteTests" */;
			buildPhases = (
				96C1B14016CEB40100D95991 /* Sources */,
				96C1B14116CEB40100D95991 /* Frameworks */,
				96C1B14216CEB40100D95991 /* Resources */,
				96C1B14316CEB40100D95991 /* ShellScript */,
				2DDBD73BE11E41489D002215 /* Copy Pods Resources */,
			);
			buildRules = (
			);
			dependencies = (
				96C1B14B16CEB40100D95991 /* PBXTargetDependency */,
			);
			name = "Nerd NiteTests";
			productName = "Nerd NiteTests";
			productReference = 96C1B14516CEB40100D95991 /* Nerd NiteTests.octest */;
			productType = "com.apple.product-type.bundle";
		};
/* End PBXNativeTarget section */

/* Begin PBXProject section */
		96C1B11516CEB40100D95991 /* Project object */ = {
			isa = PBXProject;
			attributes = {
				CLASSPREFIX = NN;
				LastUpgradeCheck = 0450;
				ORGANIZATIONNAME = "Detroit Labs";
			};
			buildConfigurationList = 96C1B11816CEB40100D95991 /* Build configuration list for PBXProject "Nerd Nite" */;
			compatibilityVersion = "Xcode 3.2";
			developmentRegion = English;
			hasScannedForEncodings = 0;
			knownRegions = (
				en,
			);
			mainGroup = 96C1B11316CEB40100D95991;
			productRefGroup = 96C1B11F16CEB40100D95991 /* Products */;
			projectDirPath = "";
			projectRoot = "";
			targets = (
				96C1B11D16CEB40100D95991 /* Nerd Nite */,
				96C1B14416CEB40100D95991 /* Nerd NiteTests */,
			);
		};
/* End PBXProject section */

/* Begin PBXResourcesBuildPhase section */
		96C1B11C16CEB40100D95991 /* Resources */ = {
			isa = PBXResourcesBuildPhase;
			buildActionMask = 2147483647;
			files = (
				96C1B12D16CEB40100D95991 /* InfoPlist.strings in Resources */,
				96F6F15116CECB2C0029BA26 /* NNCitiesListViewController.xib in Resources */,
				96B4AAB716D829A00071B430 /* NNCityTableViewCell.xib in Resources */,
				96B7855E16D839E000C943F1 /* NNCityViewController.xib in Resources */,
				96B7856D16D8402900C943F1 /* title_bar.png in Resources */,
				96B7856F16D8402900C943F1 /* title_bar@2x.png in Resources */,
				969E765F16D97DFB0030AB24 /* facebook@2x.png in Resources */,
				969E766016D97DFB0030AB24 /* twitter@2x.png in Resources */,
				969E766616D987D00030AB24 /* previousEvents@2x.png in Resources */,
				969E766716D987D00030AB24 /* upcomingEvents@2x.png in Resources */,
				969E766916D989D50030AB24 /* learnMore@2x.png in Resources */,
				969E768116D9A5540030AB24 /* littleGlasses@2x.png in Resources */,
				589F06EC86CF3236933923CA /* change-Location.png in Resources */,
				589F0D454D5FEECF8B55935C /* change-Location@2x.png in Resources */,
				9659465B16FCE26400EB5898 /* arrow.png in Resources */,
				9659465D16FCE26400EB5898 /* arrow@2x.png in Resources */,
				9659465F16FCE26400EB5898 /* back-arrow.png in Resources */,
				9659466116FCE26400EB5898 /* back-arrow@2x.png in Resources */,
				9659466316FCE26400EB5898 /* city-name.png in Resources */,
				9659466516FCE26400EB5898 /* city-name@2x.png in Resources */,
				9659466716FCE26400EB5898 /* custom-pin.png in Resources */,
				9659466916FCE26400EB5898 /* custom-pin@2x.png in Resources */,
				9659466B16FCE26400EB5898 /* facebook-photo-overlay.png in Resources */,
				9659466D16FCE26400EB5898 /* facebook-photo-overlay@2x.png in Resources */,
				9659466F16FCE26400EB5898 /* facebook.png in Resources */,
				9659467116FCE26400EB5898 /* fb-rsvp.png in Resources */,
				9659467316FCE26400EB5898 /* fb-rsvp@2x.png in Resources */,
				9659467516FCE26400EB5898 /* glasses.png in Resources */,
				9659467716FCE26400EB5898 /* glasses@2x.png in Resources */,
				9659467916FCE26400EB5898 /* google-photo-overlay.png in Resources */,
				9659467B16FCE26400EB5898 /* google-photo-overlay@2x.png in Resources */,
				9659467D16FCE26400EB5898 /* logo.png in Resources */,
				9659467F16FCE26400EB5898 /* logo@2x.png in Resources */,
				9659468116FCE26400EB5898 /* previous.png in Resources */,
				9659468316FCE26400EB5898 /* previous@2x.png in Resources */,
				9659468516FCE26400EB5898 /* twitter-photo-overlay.png in Resources */,
				9659468716FCE26400EB5898 /* twitter-photo-overlay@2x.png in Resources */,
				9659468916FCE26400EB5898 /* twitter.png in Resources */,
				9659468B16FCE26400EB5898 /* upcoming.png in Resources */,
				9659468D16FCE26400EB5898 /* upcoming@2x.png in Resources */,
				9659468F16FCE26400EB5898 /* vote-selected.png in Resources */,
				9659469116FCE26400EB5898 /* vote-selected@2x.png in Resources */,
				9659469316FCE26400EB5898 /* vote.png in Resources */,
				9659469516FCE26400EB5898 /* vote@2x.png in Resources */,
				9659469716FCE26400EB5898 /* x.png in Resources */,
				9659469916FCE26400EB5898 /* x@2x.png in Resources */,
				9659469F16FCE4CB00EB5898 /* prev-view-pics-bttn.png in Resources */,
				965946A116FCE4CB00EB5898 /* prev-view-pics-bttn@2x.png in Resources */,
				965946A316FCE4CB00EB5898 /* prev-vote-up-bttn.png in Resources */,
				965946A516FCE4CB00EB5898 /* prev-vote-up-bttn@2x.png in Resources */,
				965946B316FD035400EB5898 /* NNPastEventsViewController.xib in Resources */,
				96C1B2BB16FD0DA600EDA714 /* NNPastEventView.xib in Resources */,
				8310D2D116FFFEFC00713013 /* Icon.png in Resources */,
				8310D2D316FFFF0500713013 /* Icon@2x.png in Resources */,
				8310D2D416FFFF1700713013 /* Default.png in Resources */,
				8310D2D516FFFFEB00713013 /* Default@2x.png in Resources */,
				8310D2D616FFFFF100713013 /* Default-568h@2x.png in Resources */,
				96DADCA41711188900333091 /* NNEventPicturesViewController.xib in Resources */,
				966E6CBF1747026B003C7E69 /* NNBossCollectionViewCell.xib in Resources */,
				96C7B6DE17470EFD00C8B9C7 /* NNCityPreviewImageCollectionViewCell.xib in Resources */,
				96C7B6E4174717B000C8B9C7 /* NNPresenterImageCollectionViewCell.xib in Resources */,
				961BC8291764D04A00DF6345 /* NNEventPictureCell.xib in Resources */,
				9622797F17ADFCA200B34367 /* NNNextEventViewController.xib in Resources */,
				9622799217AEA62E00B34367 /* NNPresentationTableViewCell.xib in Resources */,
			);
			runOnlyForDeploymentPostprocessing = 0;
		};
		96C1B14216CEB40100D95991 /* Resources */ = {
			isa = PBXResourcesBuildPhase;
			buildActionMask = 2147483647;
			files = (
				96C1B15116CEB40100D95991 /* InfoPlist.strings in Resources */,
				96F6F15216CECB2C0029BA26 /* NNCitiesListViewController.xib in Resources */,
				96B7856E16D8402900C943F1 /* title_bar.png in Resources */,
				96B7857016D8402900C943F1 /* title_bar@2x.png in Resources */,
				9659465C16FCE26400EB5898 /* arrow.png in Resources */,
				9659465E16FCE26400EB5898 /* arrow@2x.png in Resources */,
				9659466016FCE26400EB5898 /* back-arrow.png in Resources */,
				9659466216FCE26400EB5898 /* back-arrow@2x.png in Resources */,
				9659466416FCE26400EB5898 /* city-name.png in Resources */,
				9659466616FCE26400EB5898 /* city-name@2x.png in Resources */,
				9659466816FCE26400EB5898 /* custom-pin.png in Resources */,
				9659466A16FCE26400EB5898 /* custom-pin@2x.png in Resources */,
				9659466C16FCE26400EB5898 /* facebook-photo-overlay.png in Resources */,
				9659466E16FCE26400EB5898 /* facebook-photo-overlay@2x.png in Resources */,
				9659467016FCE26400EB5898 /* facebook.png in Resources */,
				9659467216FCE26400EB5898 /* fb-rsvp.png in Resources */,
				9659467416FCE26400EB5898 /* fb-rsvp@2x.png in Resources */,
				9659467616FCE26400EB5898 /* glasses.png in Resources */,
				9659467816FCE26400EB5898 /* glasses@2x.png in Resources */,
				9659467A16FCE26400EB5898 /* google-photo-overlay.png in Resources */,
				9659467C16FCE26400EB5898 /* google-photo-overlay@2x.png in Resources */,
				9659467E16FCE26400EB5898 /* logo.png in Resources */,
				9659468016FCE26400EB5898 /* logo@2x.png in Resources */,
				9659468216FCE26400EB5898 /* previous.png in Resources */,
				9659468416FCE26400EB5898 /* previous@2x.png in Resources */,
				9659468616FCE26400EB5898 /* twitter-photo-overlay.png in Resources */,
				9659468816FCE26400EB5898 /* twitter-photo-overlay@2x.png in Resources */,
				9659468A16FCE26400EB5898 /* twitter.png in Resources */,
				9659468C16FCE26400EB5898 /* upcoming.png in Resources */,
				9659468E16FCE26400EB5898 /* upcoming@2x.png in Resources */,
				9659469016FCE26400EB5898 /* vote-selected.png in Resources */,
				9659469216FCE26400EB5898 /* vote-selected@2x.png in Resources */,
				9659469416FCE26400EB5898 /* vote.png in Resources */,
				9659469616FCE26400EB5898 /* vote@2x.png in Resources */,
				9659469816FCE26400EB5898 /* x.png in Resources */,
				9659469A16FCE26400EB5898 /* x@2x.png in Resources */,
				965946A016FCE4CB00EB5898 /* prev-view-pics-bttn.png in Resources */,
				965946A216FCE4CB00EB5898 /* prev-view-pics-bttn@2x.png in Resources */,
				965946A416FCE4CB00EB5898 /* prev-vote-up-bttn.png in Resources */,
				965946A616FCE4CB00EB5898 /* prev-vote-up-bttn@2x.png in Resources */,
				965946B416FD035400EB5898 /* NNPastEventsViewController.xib in Resources */,
				96DADCA51711188900333091 /* NNEventPicturesViewController.xib in Resources */,
				96C7B6E5174717B000C8B9C7 /* NNPresenterImageCollectionViewCell.xib in Resources */,
				9622798017ADFCA200B34367 /* NNNextEventViewController.xib in Resources */,
			);
			runOnlyForDeploymentPostprocessing = 0;
		};
/* End PBXResourcesBuildPhase section */

/* Begin PBXShellScriptBuildPhase section */
		2DDBD73BE11E41489D002215 /* Copy Pods Resources */ = {
			isa = PBXShellScriptBuildPhase;
			buildActionMask = 2147483647;
			files = (
			);
			inputPaths = (
			);
			name = "Copy Pods Resources";
			outputPaths = (
			);
			runOnlyForDeploymentPostprocessing = 0;
			shellPath = /bin/sh;
			shellScript = "\"${SRCROOT}/Pods/Pods-Nerd NiteTests-resources.sh\"\n";
		};
		73922172FDEC4F5798B5997D /* Copy Pods Resources */ = {
			isa = PBXShellScriptBuildPhase;
			buildActionMask = 2147483647;
			files = (
			);
			inputPaths = (
			);
			name = "Copy Pods Resources";
			outputPaths = (
			);
			runOnlyForDeploymentPostprocessing = 0;
			shellPath = /bin/sh;
			shellScript = "\"${SRCROOT}/Pods/Pods-resources.sh\"\n";
		};
		96C1B14316CEB40100D95991 /* ShellScript */ = {
			isa = PBXShellScriptBuildPhase;
			buildActionMask = 2147483647;
			files = (
			);
			inputPaths = (
			);
			outputPaths = (
			);
			runOnlyForDeploymentPostprocessing = 0;
			shellPath = /bin/sh;
			shellScript = "# Run the unit tests in this test bundle.\n\"${SYSTEM_DEVELOPER_DIR}/Tools/RunUnitTests\"\n";
		};
/* End PBXShellScriptBuildPhase section */

/* Begin PBXSourcesBuildPhase section */
		96C1B11A16CEB40100D95991 /* Sources */ = {
			isa = PBXSourcesBuildPhase;
			buildActionMask = 2147483647;
			files = (
				96C1B12F16CEB40100D95991 /* main.m in Sources */,
				96C1B13316CEB40100D95991 /* NNAppDelegate.m in Sources */,
				96F6F14F16CECB2C0029BA26 /* NNCitiesListViewController.m in Sources */,
				589F09AEFA9A4E57471E58F4 /* NNCityTableViewCell.m in Sources */,
				589F05AF591785BCBC521341 /* NNCity.m in Sources */,
				589F045B71A885371A0E79A2 /* NNService.m in Sources */,
				589F0DFCB7252CA8FCCA8F5B /* NNCityViewController.m in Sources */,
				96B7856816D83C0000C943F1 /* NNNavigationBar.m in Sources */,
				589F0738ABC0702B97A2121B /* NNBoss.m in Sources */,
				589F0A5A9755F3B7980A401D /* NNEvent.m in Sources */,
				589F09EC0946DB73DF99CC13 /* NNPresentation.m in Sources */,
				589F0BF7E0C7D7A5206B71ED /* NSDictionary+NNUtilities.m in Sources */,
				965946B116FD035400EB5898 /* NNPastEventsViewController.m in Sources */,
				96C1B2B816FD0D9100EDA714 /* NNPastEventView.m in Sources */,
				8321EC2F17049A2E00FD74AC /* NNViewController.m in Sources */,
				96DADCA21711188900333091 /* NNEventPicturesViewController.m in Sources */,
				966E6CC617470319003C7E69 /* NNBossCollectionViewCell.m in Sources */,
				589F0DCF5CFA60E45E93FFF0 /* NNCollectionViewCell.m in Sources */,
				96C7B6E117470F3D00C8B9C7 /* NNCityPreviewImageCollectionViewCell.m in Sources */,
				96C7B6E8174717D000C8B9C7 /* NNPresenterImageCollectionViewCell.m in Sources */,
				589F01B957C1EECDD6A66DFC /* NNDateLabelFormatter.m in Sources */,
				589F0D0321FF3BD79DD40774 /* NNEventPictureCell.m in Sources */,
				589F06FE2C8F3C891006B1DA /* NNPhoto.m in Sources */,
				9622797D17ADFCA200B34367 /* NNNextEventViewController.m in Sources */,
				9622798F17AEA61A00B34367 /* NNPresentationTableViewCell.m in Sources */,
				589F0284180CB851209963CB /* NNMapAnnotation.m in Sources */,
			);
			runOnlyForDeploymentPostprocessing = 0;
		};
		96C1B14016CEB40100D95991 /* Sources */ = {
			isa = PBXSourcesBuildPhase;
			buildActionMask = 2147483647;
			files = (
				96F6F14416CEB9610029BA26 /* NNPresenterViewControllerSpec.m in Sources */,
				96F6F15016CECB2C0029BA26 /* NNCitiesListViewController.m in Sources */,
				589F0E6C956FFA125F339BD6 /* NNCitiesListViewControllerSpec.m in Sources */,
				589F0F47DC2B5B7AAD765768 /* NNCity.m in Sources */,
				589F0EC3847BE09E3F5A9F57 /* NNService.m in Sources */,
				589F0F0D2E6BBEA39F5CF73C /* NNCityViewController.m in Sources */,
				96B7856916D83C0000C943F1 /* NNNavigationBar.m in Sources */,
				589F05B9C3C969152EDAC71E /* NNBoss.m in Sources */,
				589F0B9BB0623D087CDFB754 /* NNEvent.m in Sources */,
				589F06C194A5744E04D2F55E /* NNPresentation.m in Sources */,
				589F0BDD4BE4B808FF211A24 /* NSDictionary+NNUtilities.m in Sources */,
				965946B216FD035400EB5898 /* NNPastEventsViewController.m in Sources */,
				96C1B2B916FD0D9100EDA714 /* NNPastEventView.m in Sources */,
				96DADCA31711188900333091 /* NNEventPicturesViewController.m in Sources */,
				966E6CC717470319003C7E69 /* NNBossCollectionViewCell.m in Sources */,
				589F02FF2F473CFDEC582039 /* NNCollectionViewCell.m in Sources */,
				96C7B6E217470F3D00C8B9C7 /* NNCityPreviewImageCollectionViewCell.m in Sources */,
				96C7B6E9174717D000C8B9C7 /* NNPresenterImageCollectionViewCell.m in Sources */,
				589F0B977DD3CC3010E0E666 /* NNEventPictureCell.m in Sources */,
				589F0535B658A4C628BB2828 /* NNPhoto.m in Sources */,
				9622797E17ADFCA200B34367 /* NNNextEventViewController.m in Sources */,
				9622799017AEA61A00B34367 /* NNPresentationTableViewCell.m in Sources */,
				589F0748608C41227AF01531 /* NNMapAnnotation.m in Sources */,
				589F0ABA4862F4DDD28E46E3 /* NNCityViewControllerSpec.m in Sources */,
				589F0014A595BA7E1582E16D /* NNNextEventViewControllerSpec.m in Sources */,
				589F096054F8D4CBC25423CF /* NNPastEventsViewControllerSpec.m in Sources */,
			);
			runOnlyForDeploymentPostprocessing = 0;
		};
/* End PBXSourcesBuildPhase section */

/* Begin PBXTargetDependency section */
		96C1B14B16CEB40100D95991 /* PBXTargetDependency */ = {
			isa = PBXTargetDependency;
			target = 96C1B11D16CEB40100D95991 /* Nerd Nite */;
			targetProxy = 96C1B14A16CEB40100D95991 /* PBXContainerItemProxy */;
		};
/* End PBXTargetDependency section */

/* Begin PBXVariantGroup section */
		96C1B12B16CEB40100D95991 /* InfoPlist.strings */ = {
			isa = PBXVariantGroup;
			children = (
				96C1B12C16CEB40100D95991 /* en */,
			);
			name = InfoPlist.strings;
			sourceTree = "<group>";
		};
		96C1B14F16CEB40100D95991 /* InfoPlist.strings */ = {
			isa = PBXVariantGroup;
			children = (
				96C1B15016CEB40100D95991 /* en */,
			);
			name = InfoPlist.strings;
			sourceTree = "<group>";
		};
/* End PBXVariantGroup section */

/* Begin XCBuildConfiguration section */
		96C1B15516CEB40100D95991 /* Debug */ = {
			isa = XCBuildConfiguration;
			buildSettings = {
				ALWAYS_SEARCH_USER_PATHS = NO;
				CLANG_CXX_LANGUAGE_STANDARD = "gnu++0x";
				CLANG_CXX_LIBRARY = "libc++";
				CLANG_ENABLE_OBJC_ARC = YES;
				CLANG_WARN_EMPTY_BODY = YES;
				CLANG_WARN__DUPLICATE_METHOD_MATCH = YES;
				"CODE_SIGN_IDENTITY[sdk=iphoneos*]" = "iPhone Developer";
				COPY_PHASE_STRIP = NO;
				GCC_C_LANGUAGE_STANDARD = gnu99;
				GCC_DYNAMIC_NO_PIC = NO;
				GCC_GENERATE_TEST_COVERAGE_FILES = YES;
				GCC_INSTRUMENT_PROGRAM_FLOW_ARCS = YES;
				GCC_OPTIMIZATION_LEVEL = 0;
				GCC_PREPROCESSOR_DEFINITIONS = (
					"DEBUG=1",
					"$(inherited)",
				);
				GCC_SYMBOLS_PRIVATE_EXTERN = NO;
				GCC_WARN_ABOUT_RETURN_TYPE = YES;
				GCC_WARN_UNINITIALIZED_AUTOS = YES;
				GCC_WARN_UNUSED_VARIABLE = YES;
				IPHONEOS_DEPLOYMENT_TARGET = 7.0;
				ONLY_ACTIVE_ARCH = YES;
				SDKROOT = iphoneos;
			};
			name = Debug;
		};
		96C1B15816CEB40100D95991 /* Debug */ = {
			isa = XCBuildConfiguration;
			baseConfigurationReference = 9A9EB949EC6543EA9D0F200A /* Pods.xcconfig */;
			buildSettings = {
				CODE_SIGN_IDENTITY = "iPhone Distribution";
				CUSTOM_BUNDLE_IDENTIFIER = "com.detroitlabs.Nerd-Nite";
				GCC_PRECOMPILE_PREFIX_HEADER = YES;
				GCC_PREFIX_HEADER = "Nerd Nite/Nerd Nite-Prefix.pch";
				INFOPLIST_FILE = "Nerd Nite/Nerd Nite-Info.plist";
				IPHONEOS_DEPLOYMENT_TARGET = 6.0;
				PRODUCT_NAME = "$(TARGET_NAME)";
				PROVISIONING_PROFILE = "";
				WRAPPER_EXTENSION = app;
			};
			name = Debug;
		};
		96C1B15B16CEB40100D95991 /* Debug */ = {
			isa = XCBuildConfiguration;
			baseConfigurationReference = 4469C6BD895344AAB8F8D4D9 /* Pods-Nerd NiteTests.xcconfig */;
			buildSettings = {
				BUNDLE_LOADER = "$(BUILT_PRODUCTS_DIR)/Nerd Nite.app/Nerd Nite";
				FRAMEWORK_SEARCH_PATHS = (
					"\"$(inherited)\"",
					"\"$(SDKROOT)/Developer/Library/Frameworks\"",
					"\"$(DEVELOPER_LIBRARY_DIR)/Frameworks\"",
					"\"$(SRCROOT)\"",
				);
				GCC_PRECOMPILE_PREFIX_HEADER = YES;
				GCC_PREFIX_HEADER = "Nerd Nite/Nerd Nite-Prefix.pch";
				INFOPLIST_FILE = "Nerd NiteTests/Nerd NiteTests-Info.plist";
				PRODUCT_NAME = "$(TARGET_NAME)";
				TEST_HOST = "$(BUNDLE_LOADER)";
				WRAPPER_EXTENSION = octest;
			};
			name = Debug;
		};
		96F6F12B16CEB7AC0029BA26 /* TestFlight */ = {
			isa = XCBuildConfiguration;
			buildSettings = {
				ALWAYS_SEARCH_USER_PATHS = NO;
				CLANG_CXX_LANGUAGE_STANDARD = "gnu++0x";
				CLANG_CXX_LIBRARY = "libc++";
				CLANG_ENABLE_OBJC_ARC = YES;
				CLANG_WARN_EMPTY_BODY = YES;
				CLANG_WARN__DUPLICATE_METHOD_MATCH = YES;
				"CODE_SIGN_IDENTITY[sdk=iphoneos*]" = "iPhone Developer";
				COPY_PHASE_STRIP = NO;
				GCC_C_LANGUAGE_STANDARD = gnu99;
				GCC_DYNAMIC_NO_PIC = NO;
				GCC_OPTIMIZATION_LEVEL = 0;
				GCC_PREPROCESSOR_DEFINITIONS = (
					"DEBUG=1",
					"$(inherited)",
				);
				GCC_SYMBOLS_PRIVATE_EXTERN = NO;
				GCC_WARN_ABOUT_RETURN_TYPE = YES;
				GCC_WARN_UNINITIALIZED_AUTOS = YES;
				GCC_WARN_UNUSED_VARIABLE = YES;
				IPHONEOS_DEPLOYMENT_TARGET = 7.0;
				ONLY_ACTIVE_ARCH = YES;
				SDKROOT = iphoneos;
			};
			name = TestFlight;
		};
		96F6F12C16CEB7AC0029BA26 /* TestFlight */ = {
			isa = XCBuildConfiguration;
			baseConfigurationReference = 9A9EB949EC6543EA9D0F200A /* Pods.xcconfig */;
			buildSettings = {
				CODE_SIGN_IDENTITY = "iPhone Distribution";
				"CODE_SIGN_IDENTITY[sdk=iphoneos*]" = "iPhone Distribution";
				CUSTOM_BUNDLE_IDENTIFIER = "com.detroitlabs.Nerd-Nite";
				GCC_PRECOMPILE_PREFIX_HEADER = YES;
				GCC_PREFIX_HEADER = "Nerd Nite/Nerd Nite-Prefix.pch";
				GCC_SYMBOLS_PRIVATE_EXTERN = YES;
				INFOPLIST_FILE = "Nerd Nite/Nerd Nite-Info.plist";
				IPHONEOS_DEPLOYMENT_TARGET = 6.0;
				PRODUCT_NAME = "$(TARGET_NAME)";
				PROVISIONING_PROFILE = "";
				"PROVISIONING_PROFILE[sdk=iphoneos*]" = "";
				WRAPPER_EXTENSION = app;
			};
			name = TestFlight;
		};
		96F6F12D16CEB7AC0029BA26 /* TestFlight */ = {
			isa = XCBuildConfiguration;
			baseConfigurationReference = 4469C6BD895344AAB8F8D4D9 /* Pods-Nerd NiteTests.xcconfig */;
			buildSettings = {
				BUNDLE_LOADER = "$(BUILT_PRODUCTS_DIR)/Nerd Nite.app/Nerd Nite";
				FRAMEWORK_SEARCH_PATHS = (
					"\"$(inherited)\"",
					"\"$(SDKROOT)/Developer/Library/Frameworks\"",
					"\"$(DEVELOPER_LIBRARY_DIR)/Frameworks\"",
					"\"$(SRCROOT)\"",
				);
				GCC_PRECOMPILE_PREFIX_HEADER = YES;
				GCC_PREFIX_HEADER = "Nerd Nite/Nerd Nite-Prefix.pch";
				INFOPLIST_FILE = "Nerd NiteTests/Nerd NiteTests-Info.plist";
				PRODUCT_NAME = "$(TARGET_NAME)";
				TEST_HOST = "$(BUNDLE_LOADER)";
				WRAPPER_EXTENSION = octest;
			};
			name = TestFlight;
		};
		96F6F12E16CEB7B30029BA26 /* AppStore */ = {
			isa = XCBuildConfiguration;
			buildSettings = {
				ALWAYS_SEARCH_USER_PATHS = NO;
				CLANG_CXX_LANGUAGE_STANDARD = "gnu++0x";
				CLANG_CXX_LIBRARY = "libc++";
				CLANG_ENABLE_OBJC_ARC = YES;
				CLANG_WARN_EMPTY_BODY = YES;
				CLANG_WARN__DUPLICATE_METHOD_MATCH = YES;
				"CODE_SIGN_IDENTITY[sdk=iphoneos*]" = "iPhone Developer";
				COPY_PHASE_STRIP = NO;
				GCC_C_LANGUAGE_STANDARD = gnu99;
				GCC_DYNAMIC_NO_PIC = NO;
				GCC_OPTIMIZATION_LEVEL = 0;
				GCC_PREPROCESSOR_DEFINITIONS = (
					"DEBUG=1",
					"$(inherited)",
				);
				GCC_SYMBOLS_PRIVATE_EXTERN = NO;
				GCC_WARN_ABOUT_RETURN_TYPE = YES;
				GCC_WARN_UNINITIALIZED_AUTOS = YES;
				GCC_WARN_UNUSED_VARIABLE = YES;
				IPHONEOS_DEPLOYMENT_TARGET = 7.0;
				ONLY_ACTIVE_ARCH = YES;
				SDKROOT = iphoneos;
			};
			name = AppStore;
		};
		96F6F12F16CEB7B30029BA26 /* AppStore */ = {
			isa = XCBuildConfiguration;
			baseConfigurationReference = 9A9EB949EC6543EA9D0F200A /* Pods.xcconfig */;
			buildSettings = {
				CODE_SIGN_IDENTITY = "iPhone Distribution";
				"CODE_SIGN_IDENTITY[sdk=iphoneos*]" = "iPhone Distribution";
				CUSTOM_BUNDLE_IDENTIFIER = "com.nerdnite.Nerd-Nite";
				GCC_PRECOMPILE_PREFIX_HEADER = YES;
				GCC_PREFIX_HEADER = "Nerd Nite/Nerd Nite-Prefix.pch";
				GCC_SYMBOLS_PRIVATE_EXTERN = YES;
				INFOPLIST_FILE = "Nerd Nite/Nerd Nite-Info.plist";
				IPHONEOS_DEPLOYMENT_TARGET = 6.0;
				PRODUCT_NAME = "$(TARGET_NAME)";
				PROVISIONING_PROFILE = "";
				"PROVISIONING_PROFILE[sdk=iphoneos*]" = "";
				WRAPPER_EXTENSION = app;
			};
			name = AppStore;
		};
		96F6F13016CEB7B30029BA26 /* AppStore */ = {
			isa = XCBuildConfiguration;
			baseConfigurationReference = 4469C6BD895344AAB8F8D4D9 /* Pods-Nerd NiteTests.xcconfig */;
			buildSettings = {
				BUNDLE_LOADER = "$(BUILT_PRODUCTS_DIR)/Nerd Nite.app/Nerd Nite";
				FRAMEWORK_SEARCH_PATHS = (
					"\"$(inherited)\"",
					"\"$(SDKROOT)/Developer/Library/Frameworks\"",
					"\"$(DEVELOPER_LIBRARY_DIR)/Frameworks\"",
					"\"$(SRCROOT)\"",
				);
				GCC_PRECOMPILE_PREFIX_HEADER = YES;
				GCC_PREFIX_HEADER = "Nerd Nite/Nerd Nite-Prefix.pch";
				INFOPLIST_FILE = "Nerd NiteTests/Nerd NiteTests-Info.plist";
				PRODUCT_NAME = "$(TARGET_NAME)";
				TEST_HOST = "$(BUNDLE_LOADER)";
				WRAPPER_EXTENSION = octest;
			};
			name = AppStore;
		};
/* End XCBuildConfiguration section */

/* Begin XCConfigurationList section */
		96C1B11816CEB40100D95991 /* Build configuration list for PBXProject "Nerd Nite" */ = {
			isa = XCConfigurationList;
			buildConfigurations = (
				96C1B15516CEB40100D95991 /* Debug */,
				96F6F12B16CEB7AC0029BA26 /* TestFlight */,
				96F6F12E16CEB7B30029BA26 /* AppStore */,
			);
			defaultConfigurationIsVisible = 0;
			defaultConfigurationName = TestFlight;
		};
		96C1B15716CEB40100D95991 /* Build configuration list for PBXNativeTarget "Nerd Nite" */ = {
			isa = XCConfigurationList;
			buildConfigurations = (
				96C1B15816CEB40100D95991 /* Debug */,
				96F6F12C16CEB7AC0029BA26 /* TestFlight */,
				96F6F12F16CEB7B30029BA26 /* AppStore */,
			);
			defaultConfigurationIsVisible = 0;
			defaultConfigurationName = TestFlight;
		};
		96C1B15A16CEB40100D95991 /* Build configuration list for PBXNativeTarget "Nerd NiteTests" */ = {
			isa = XCConfigurationList;
			buildConfigurations = (
				96C1B15B16CEB40100D95991 /* Debug */,
				96F6F12D16CEB7AC0029BA26 /* TestFlight */,
				96F6F13016CEB7B30029BA26 /* AppStore */,
			);
			defaultConfigurationIsVisible = 0;
			defaultConfigurationName = TestFlight;
		};
/* End XCConfigurationList section */
	};
	rootObject = 96C1B11516CEB40100D95991 /* Project object */;
}
