<?xml version="1.0" encoding="UTF-8"?>
<Scheme
   version = "1.3">
   <BuildAction>
      <BuildActionEntries>
         <BuildActionEntry
            buildForRunning = "YES"
            buildForTesting = "YES">
            <BuildableReference
               BuildableIdentifier = "primary"
               BlueprintIdentifier = "96C1B14416CEB40100D95991"
               BuildableName = "Nerd NiteTests.octest"
               BlueprintName = "Nerd NiteTests"
               ReferencedContainer = "container:Nerd Nite.xcodeproj">
            </BuildableReference>
         </BuildActionEntry>
      </BuildActionEntries>
   </BuildAction>
   <TestAction
      buildConfiguration = "Debug">
      <Testables>
         <TestableReference>
            <BuildableReference
               BuildableIdentifier = "primary"
               BlueprintIdentifier = "96C1B14416CEB40100D95991"
               BuildableName = "Nerd NiteTests.octest"
               BlueprintName = "Nerd NiteTests"
               ReferencedContainer = "container:Nerd Nite.xcodeproj">
            </BuildableReference>
         </TestableReference>
      </Testables>
   </TestAction>
   <LaunchAction
      useCustomWorkingDirectory = "NO">
   </LaunchAction>
</Scheme>
